// !$*UTF8*$!
{
	archiveVersion = 1;
	classes = {
	};
	objectVersion = 56;
	objects = {

/* Begin PBXBuildFile section */
		35ACC7DE2DF9B2C8006B9710 /* MapplsMap in Frameworks */ = {isa = PBXBuildFile; productRef = 35ACC7DD2DF9B2C8006B9710 /* MapplsMap */; };
		35ACC7E12DF9B2D2006B9710 /* MapplsFeedbackUIKit in Frameworks */ = {isa = PBXBuildFile; productRef = 35ACC7E02DF9B2D2006B9710 /* MapplsFeedbackUIKit */; };
		35ACC7E42DF9B2E4006B9710 /* MapplsDirectionUI in Frameworks */ = {isa = PBXBuildFile; productRef = 35ACC7E32DF9B2E4006B9710 /* MapplsDirectionUI */; };
		35ACC7E72DF9B2F0006B9710 /* MapplsNearbyUI in Frameworks */ = {isa = PBXBuildFile; productRef = 35ACC7E62DF9B2F0006B9710 /* MapplsNearbyUI */; };
		35ACC7EA2DF9B356006B9710 /* MapplsGeofenceUI in Frameworks */ = {isa = PBXBuildFile; productRef = 35ACC7E92DF9B356006B9710 /* MapplsGeofenceUI */; };
		35ACC7ED2DF9B377006B9710 /* MapplsRasterCatalogue in Frameworks */ = {isa = PBXBuildFile; productRef = 35ACC7EC2DF9B377006B9710 /* MapplsRasterCatalogue */; };
		35ACC7F02DF9B393006B9710 /* MapplsGeoanalytics in Frameworks */ = {isa = PBXBuildFile; productRef = 35ACC7EF2DF9B393006B9710 /* MapplsGeoanalytics */; };
		35ACC7F32DF9B3B3006B9710 /* MapplsDrivingRangePlugin in Frameworks */ = {isa = PBXBuildFile; productRef = 35ACC7F22DF9B3B3006B9710 /* MapplsDrivingRangePlugin */; };
		35ACC8072DF9B6D4006B9710 /* app1747745852i1191326110.i.conf in Resources */ = {isa = PBXBuildFile; fileRef = 35ACC8052DF9B6D4006B9710 /* app1747745852i1191326110.i.conf */; };
		35ACC8082DF9B6D4006B9710 /* app1747745852i1191326110.i.olf in Resources */ = {isa = PBXBuildFile; fileRef = 35ACC8062DF9B6D4006B9710 /* app1747745852i1191326110.i.olf */; };
		47F09EB52D5E0733006FF04A /* CommonSearchBarView.swift in Sources */ = {isa = PBXBuildFile; fileRef = 47F09EB42D5E0733006FF04A /* CommonSearchBarView.swift */; };
		47F09EB72D5E0FD1006FF04A /* UIViewController+Extension.swift in Sources */ = {isa = PBXBuildFile; fileRef = 47F09EB62D5E0FD1006FF04A /* UIViewController+Extension.swift */; };
		50E8BD0971CF06B3E743FE14 /* Pods_MapplsSDKDemo.framework in Frameworks */ = {isa = PBXBuildFile; fileRef = 75F3D9B7E408C25C52C51AA1 /* Pods_MapplsSDKDemo.framework */; };
		99853DCC2D5F07D900B12F29 /* Roboto-Regular.ttf in Resources */ = {isa = PBXBuildFile; fileRef = 99853DCB2D5F07D900B12F29 /* Roboto-Regular.ttf */; };
		CC0E5A562D30ED90005C32B6 /* CameraViewController.swift in Sources */ = {isa = PBXBuildFile; fileRef = CC0E5A552D30ED90005C32B6 /* CameraViewController.swift */; };
		CC0E5A582D30FB0F005C32B6 /* LocationOptionViewController.swift in Sources */ = {isa = PBXBuildFile; fileRef = CC0E5A572D30FB0F005C32B6 /* LocationOptionViewController.swift */; };
		CC0E5A5C2D311044005C32B6 /* LocationViewController.swift in Sources */ = {isa = PBXBuildFile; fileRef = CC0E5A5B2D311044005C32B6 /* LocationViewController.swift */; };
		CC0E5A6C2D31222F005C32B6 /* RestAPIOptionViewController.swift in Sources */ = {isa = PBXBuildFile; fileRef = CC0E5A6B2D31222F005C32B6 /* RestAPIOptionViewController.swift */; };
		CC0E5A6E2D31426A005C32B6 /* CustomUserLocationAnnotationView.swift in Sources */ = {isa = PBXBuildFile; fileRef = CC0E5A6D2D31426A005C32B6 /* CustomUserLocationAnnotationView.swift */; };
		CC0E5A702D314B5C005C32B6 /* RestAPIViewController.swift in Sources */ = {isa = PBXBuildFile; fileRef = CC0E5A6F2D314B5C005C32B6 /* RestAPIViewController.swift */; };
		CC31CF292D37E4E100E8AD8F /* InfoTableViewCell.swift in Sources */ = {isa = PBXBuildFile; fileRef = CC31CF282D37E4E100E8AD8F /* InfoTableViewCell.swift */; };
		CC64C4562D2CF15D001BE9CA /* AppDelegate.swift in Sources */ = {isa = PBXBuildFile; fileRef = CC64C4552D2CF15D001BE9CA /* AppDelegate.swift */; };
		CC64C4582D2CF15D001BE9CA /* SceneDelegate.swift in Sources */ = {isa = PBXBuildFile; fileRef = CC64C4572D2CF15D001BE9CA /* SceneDelegate.swift */; };
		CC64C45A2D2CF15D001BE9CA /* ViewController.swift in Sources */ = {isa = PBXBuildFile; fileRef = CC64C4592D2CF15D001BE9CA /* ViewController.swift */; };
		CC64C45D2D2CF15D001BE9CA /* Main.storyboard in Resources */ = {isa = PBXBuildFile; fileRef = CC64C45B2D2CF15D001BE9CA /* Main.storyboard */; };
		CC64C45F2D2CF15E001BE9CA /* Assets.xcassets in Resources */ = {isa = PBXBuildFile; fileRef = CC64C45E2D2CF15E001BE9CA /* Assets.xcassets */; };
		CC64C4622D2CF15E001BE9CA /* LaunchScreen.storyboard in Resources */ = {isa = PBXBuildFile; fileRef = CC64C4602D2CF15E001BE9CA /* LaunchScreen.storyboard */; };
		CC64C46D2D2CFB7B001BE9CA /* OptionsViewController.swift in Sources */ = {isa = PBXBuildFile; fileRef = CC64C46C2D2CFB7B001BE9CA /* OptionsViewController.swift */; };
		CC64C46F2D2CFFEF001BE9CA /* TitleBarView.swift in Sources */ = {isa = PBXBuildFile; fileRef = CC64C46E2D2CFFEF001BE9CA /* TitleBarView.swift */; };
		CC64C4722D2D01BE001BE9CA /* UIColor+Extension.swift in Sources */ = {isa = PBXBuildFile; fileRef = CC64C4712D2D01BE001BE9CA /* UIColor+Extension.swift */; };
		CC64C4752D2D0A9C001BE9CA /* Utility.swift in Sources */ = {isa = PBXBuildFile; fileRef = CC64C4742D2D0A9C001BE9CA /* Utility.swift */; };
		CC64C4772D2D0AA2001BE9CA /* Theme.swift in Sources */ = {isa = PBXBuildFile; fileRef = CC64C4762D2D0AA2001BE9CA /* Theme.swift */; };
		CC64C4792D2D32B7001BE9CA /* UIView+Extension.swift in Sources */ = {isa = PBXBuildFile; fileRef = CC64C4782D2D32B7001BE9CA /* UIView+Extension.swift */; };
		CC64C47B2D2D3BD5001BE9CA /* OptionsViewCell.swift in Sources */ = {isa = PBXBuildFile; fileRef = CC64C47A2D2D3BD5001BE9CA /* OptionsViewCell.swift */; };
		CC64C4982D2E3BEA001BE9CA /* SubOptionsViewController.swift in Sources */ = {isa = PBXBuildFile; fileRef = CC64C4972D2E3BEA001BE9CA /* SubOptionsViewController.swift */; };
		CC64C49A2D2E40CE001BE9CA /* NavigationBarView.swift in Sources */ = {isa = PBXBuildFile; fileRef = CC64C4992D2E40CE001BE9CA /* NavigationBarView.swift */; };
		CC64C49D2D2E4581001BE9CA /* OptionsEnum.swift in Sources */ = {isa = PBXBuildFile; fileRef = CC64C49C2D2E4581001BE9CA /* OptionsEnum.swift */; };
		CC64C4A12D2E51E0001BE9CA /* SubOptionsViewCell.swift in Sources */ = {isa = PBXBuildFile; fileRef = CC64C4A02D2E51E0001BE9CA /* SubOptionsViewCell.swift */; };
		CC64C4A32D2E9578001BE9CA /* OptionDetailViewController.swift in Sources */ = {isa = PBXBuildFile; fileRef = CC64C4A22D2E9578001BE9CA /* OptionDetailViewController.swift */; };
		CC64C4A52D2E99FE001BE9CA /* TrafficSelectionView.swift in Sources */ = {isa = PBXBuildFile; fileRef = CC64C4A42D2E99FE001BE9CA /* TrafficSelectionView.swift */; };
		CC64C4A72D2FAA96001BE9CA /* LatLongDisplayView.swift in Sources */ = {isa = PBXBuildFile; fileRef = CC64C4A62D2FAA96001BE9CA /* LatLongDisplayView.swift */; };
		CC64C4AA2D2FD7B9001BE9CA /* MapStyleURLs.swift in Sources */ = {isa = PBXBuildFile; fileRef = CC64C4A92D2FD7B9001BE9CA /* MapStyleURLs.swift */; };
		CC64C4AC2D2FDB3B001BE9CA /* MapStyleOptionViewController.swift in Sources */ = {isa = PBXBuildFile; fileRef = CC64C4AB2D2FDB3B001BE9CA /* MapStyleOptionViewController.swift */; };
		CC64C4AE2D2FE5E2001BE9CA /* MapStylesCollectionViewCell.swift in Sources */ = {isa = PBXBuildFile; fileRef = CC64C4AD2D2FE5E2001BE9CA /* MapStylesCollectionViewCell.swift */; };
		CC64C4B02D2FEE55001BE9CA /* PlaceAddressDetailView.swift in Sources */ = {isa = PBXBuildFile; fileRef = CC64C4AF2D2FEE55001BE9CA /* PlaceAddressDetailView.swift */; };
		CC64C4B22D30E1A5001BE9CA /* CameraSubOptionsViewController.swift in Sources */ = {isa = PBXBuildFile; fileRef = CC64C4B12D30E1A5001BE9CA /* CameraSubOptionsViewController.swift */; };
		CC64C4B42D30E2A6001BE9CA /* SubOptionCollectionViewCell.swift in Sources */ = {isa = PBXBuildFile; fileRef = CC64C4B32D30E2A6001BE9CA /* SubOptionCollectionViewCell.swift */; };
		CC708EFD2D48CFC200A0CABC /* CommonInputCell.swift in Sources */ = {isa = PBXBuildFile; fileRef = CC708EFC2D48CFC200A0CABC /* CommonInputCell.swift */; };
		CC708EFF2D48DEA400A0CABC /* Constants.swift in Sources */ = {isa = PBXBuildFile; fileRef = CC708EFE2D48DEA400A0CABC /* Constants.swift */; };
		CC708F012D48F18E00A0CABC /* CustomSegmentControl.swift in Sources */ = {isa = PBXBuildFile; fileRef = CC708F002D48F18E00A0CABC /* CustomSegmentControl.swift */; };
		CC708F032D49047200A0CABC /* DrivingRangeSettingsView.swift in Sources */ = {isa = PBXBuildFile; fileRef = CC708F022D49047200A0CABC /* DrivingRangeSettingsView.swift */; };
		CC708F052D49DBBA00A0CABC /* CommonSwitchTableViewCell.swift in Sources */ = {isa = PBXBuildFile; fileRef = CC708F042D49DBBA00A0CABC /* CommonSwitchTableViewCell.swift */; };
		CC719C7A2D474B4F0015A3AB /* CustomIndoorViewController.swift in Sources */ = {isa = PBXBuildFile; fileRef = CC719C792D474B4F0015A3AB /* CustomIndoorViewController.swift */; };
		CC719C7C2D474C860015A3AB /* DefaultIndoorViewController.swift in Sources */ = {isa = PBXBuildFile; fileRef = CC719C7B2D474C860015A3AB /* DefaultIndoorViewController.swift */; };
		CC719C7E2D476E420015A3AB /* DrivingRangePluginViewController.swift in Sources */ = {isa = PBXBuildFile; fileRef = CC719C7D2D476E420015A3AB /* DrivingRangePluginViewController.swift */; };
		CC719C822D476F310015A3AB /* UITextField+Extension.swift in Sources */ = {isa = PBXBuildFile; fileRef = CC719C812D476F310015A3AB /* UITextField+Extension.swift */; };
		CC719C862D4781370015A3AB /* LocationChooserTableViewCell.swift in Sources */ = {isa = PBXBuildFile; fileRef = CC719C852D4781370015A3AB /* LocationChooserTableViewCell.swift */; };
		CC719C8C2D48BCE30015A3AB /* SetSDKKeysViewController.swift in Sources */ = {isa = PBXBuildFile; fileRef = CC719C8B2D48BCE30015A3AB /* SetSDKKeysViewController.swift */; };
		CC719C902D48CB810015A3AB /* SDKKeysSetView.swift in Sources */ = {isa = PBXBuildFile; fileRef = CC719C8F2D48CB810015A3AB /* SDKKeysSetView.swift */; };
		CC94FD442D38E37600514A48 /* MarkerOptionViewController.swift in Sources */ = {isa = PBXBuildFile; fileRef = CC94FD432D38E37600514A48 /* MarkerOptionViewController.swift */; };
		CC94FD462D38E4EC00514A48 /* MarkerViewController.swift in Sources */ = {isa = PBXBuildFile; fileRef = CC94FD452D38E4EC00514A48 /* MarkerViewController.swift */; };
		CC94FD482D38E7C000514A48 /* CustomAnnotationView.swift in Sources */ = {isa = PBXBuildFile; fileRef = CC94FD472D38E7C000514A48 /* CustomAnnotationView.swift */; };
		CC94FD4A2D38EB0400514A48 /* CustomCalloutView.swift in Sources */ = {isa = PBXBuildFile; fileRef = CC94FD492D38EB0400514A48 /* CustomCalloutView.swift */; };
		CC94FD4C2D39055200514A48 /* PolylineOptionViewController.swift in Sources */ = {isa = PBXBuildFile; fileRef = CC94FD4B2D39055200514A48 /* PolylineOptionViewController.swift */; };
		CC94FD4E2D3905ED00514A48 /* PolylineViewController.swift in Sources */ = {isa = PBXBuildFile; fileRef = CC94FD4D2D3905ED00514A48 /* PolylineViewController.swift */; };
		CC94FD502D39223A00514A48 /* CustomWidgetsOptionsViewController.swift in Sources */ = {isa = PBXBuildFile; fileRef = CC94FD4F2D39223A00514A48 /* CustomWidgetsOptionsViewController.swift */; };
		CC94FD542D39262E00514A48 /* CustomWidgetsPlacePickerViewController.swift in Sources */ = {isa = PBXBuildFile; fileRef = CC94FD532D39262E00514A48 /* CustomWidgetsPlacePickerViewController.swift */; };
		CC94FD562D3A1E8A00514A48 /* PlacePickerSettingsViewController.swift in Sources */ = {isa = PBXBuildFile; fileRef = CC94FD552D3A1E8A00514A48 /* PlacePickerSettingsViewController.swift */; };
		CC94FD582D3A315E00514A48 /* PlacePickerChooseTypeViewController.swift in Sources */ = {isa = PBXBuildFile; fileRef = CC94FD572D3A315E00514A48 /* PlacePickerChooseTypeViewController.swift */; };
		CC94FD5A2D3A5FFC00514A48 /* KeyValueTableViewController.swift in Sources */ = {isa = PBXBuildFile; fileRef = CC94FD592D3A5FFC00514A48 /* KeyValueTableViewController.swift */; };
		CCA0B2FB2D425F72003743AA /* MapplsGeofenceUIViewController.swift in Sources */ = {isa = PBXBuildFile; fileRef = CCA0B2FA2D425F72003743AA /* MapplsGeofenceUIViewController.swift */; };
		CCA0B2FD2D426C28003743AA /* CustomGeofenceUIViewController.swift in Sources */ = {isa = PBXBuildFile; fileRef = CCA0B2FC2D426C28003743AA /* CustomGeofenceUIViewController.swift */; };
		CCA0B3032D435238003743AA /* CustomGeofenceVC.swift in Sources */ = {isa = PBXBuildFile; fileRef = CCA0B3022D435238003743AA /* CustomGeofenceVC.swift */; };
		CCA0B3052D4353CD003743AA /* ShapeCell.swift in Sources */ = {isa = PBXBuildFile; fileRef = CCA0B3042D4353CD003743AA /* ShapeCell.swift */; };
		CCA0B3092D435461003743AA /* MapComponentsVC.swift in Sources */ = {isa = PBXBuildFile; fileRef = CCA0B3082D435461003743AA /* MapComponentsVC.swift */; };
		CCA0B30B2D4354C2003743AA /* PolygonPointsVC.swift in Sources */ = {isa = PBXBuildFile; fileRef = CCA0B30A2D4354C2003743AA /* PolygonPointsVC.swift */; };
		CCA0B30D2D4356FC003743AA /* ShapeCell.xib in Resources */ = {isa = PBXBuildFile; fileRef = CCA0B30C2D4356FC003743AA /* ShapeCell.xib */; };
		CCA0B3112D43682E003743AA /* GeoanalyticsTableViewCell.swift in Sources */ = {isa = PBXBuildFile; fileRef = CCA0B3102D43682E003743AA /* GeoanalyticsTableViewCell.swift */; };
		CCA0B3132D4369AA003743AA /* GeoanalyticsViewController.swift in Sources */ = {isa = PBXBuildFile; fileRef = CCA0B3122D4369AA003743AA /* GeoanalyticsViewController.swift */; };
		CCA0B3152D438FF1003743AA /* MKPolyline+Extension.swift in Sources */ = {isa = PBXBuildFile; fileRef = CCA0B3142D438FF1003743AA /* MKPolyline+Extension.swift */; };
		CCA0B3172D43900E003743AA /* MGLPolyline+Extension.swift in Sources */ = {isa = PBXBuildFile; fileRef = CCA0B3162D43900E003743AA /* MGLPolyline+Extension.swift */; };
		CCA0B3192D439088003743AA /* Double+Extension.swift in Sources */ = {isa = PBXBuildFile; fileRef = CCA0B3182D439088003743AA /* Double+Extension.swift */; };
		CCA1AE132D3F7E5500A6C8BB /* DraggableAnnotationView.swift in Sources */ = {isa = PBXBuildFile; fileRef = CCA1AE122D3F7E5500A6C8BB /* DraggableAnnotationView.swift */; };
		CCA1AE192D40B9F400A6C8BB /* PolylineLayerPlugin.swift in Sources */ = {isa = PBXBuildFile; fileRef = CCA1AE182D40B9F400A6C8BB /* PolylineLayerPlugin.swift */; };
		CCA1AE1B2D41283E00A6C8BB /* metro-line.geojson in Resources */ = {isa = PBXBuildFile; fileRef = CCA1AE1A2D41283E00A6C8BB /* metro-line.geojson */; };
		CCA1AE1D2D42049900A6C8BB /* AI_PotLoc4SDB.geojson in Resources */ = {isa = PBXBuildFile; fileRef = CCA1AE1C2D42049900A6C8BB /* AI_PotLoc4SDB.geojson */; };
		CCA1AE1F2D42080400A6C8BB /* GeoJSONOptionViewController.swift in Sources */ = {isa = PBXBuildFile; fileRef = CCA1AE1E2D42080400A6C8BB /* GeoJSONOptionViewController.swift */; };
		CCA1AE212D420AC500A6C8BB /* GeoJSONViewController.swift in Sources */ = {isa = PBXBuildFile; fileRef = CCA1AE202D420AC500A6C8BB /* GeoJSONViewController.swift */; };
		CCA1AE242D42112800A6C8BB /* polygon.geojson in Resources */ = {isa = PBXBuildFile; fileRef = CCA1AE232D420F7500A6C8BB /* polygon.geojson */; };
		CCA1AE252D42112A00A6C8BB /* Marker.geojson in Resources */ = {isa = PBXBuildFile; fileRef = CCA1AE222D420EC600A6C8BB /* Marker.geojson */; };
		CCA1AE272D421A6500A6C8BB /* polyline.geojson in Resources */ = {isa = PBXBuildFile; fileRef = CCA1AE262D42122700A6C8BB /* polyline.geojson */; };
		CCA1AE2C2D42411800A6C8BB /* RasterCatelogueViewController.swift in Sources */ = {isa = PBXBuildFile; fileRef = CCA1AE2B2D42411800A6C8BB /* RasterCatelogueViewController.swift */; };
		CCAAE3082D34EB6F00B692CC /* APIManager.swift in Sources */ = {isa = PBXBuildFile; fileRef = CCAAE3072D34EB6F00B692CC /* APIManager.swift */; };
		CCB7D3E22D4B940400BCCF20 /* GeoanalyticsSwitchCasesViewController.swift in Sources */ = {isa = PBXBuildFile; fileRef = CCB7D3E12D4B940400BCCF20 /* GeoanalyticsSwitchCasesViewController.swift */; };
		CCB7D3E42D4B965100BCCF20 /* SwitchTableViewCell.swift in Sources */ = {isa = PBXBuildFile; fileRef = CCB7D3E32D4B965100BCCF20 /* SwitchTableViewCell.swift */; };
		CCB7D3E62D4C83C600BCCF20 /* MapLayersOptionsViewController.swift in Sources */ = {isa = PBXBuildFile; fileRef = CCB7D3E52D4C83C600BCCF20 /* MapLayersOptionsViewController.swift */; };
		CCB7D3E82D4C886700BCCF20 /* MapLayersViewController.swift in Sources */ = {isa = PBXBuildFile; fileRef = CCB7D3E72D4C886700BCCF20 /* MapLayersViewController.swift */; };
		CCB7D3EA2D4CD0C000BCCF20 /* CameraMode.swift in Sources */ = {isa = PBXBuildFile; fileRef = CCB7D3E92D4CD0C000BCCF20 /* CameraMode.swift */; };
		CCB7D3EC2D4CD12900BCCF20 /* CameraTrackingType.swift in Sources */ = {isa = PBXBuildFile; fileRef = CCB7D3EB2D4CD12900BCCF20 /* CameraTrackingType.swift */; };
		CCB7D3EE2D4CD1F500BCCF20 /* MapCameraConfigurationSelectionViewController.swift in Sources */ = {isa = PBXBuildFile; fileRef = CCB7D3ED2D4CD1F500BCCF20 /* MapCameraConfigurationSelectionViewController.swift */; };
		CCB7D3F02D4CEC4000BCCF20 /* MapCameraTrackingTypeConfigurationSelectionViewController.swift in Sources */ = {isa = PBXBuildFile; fileRef = CCB7D3EF2D4CEC4000BCCF20 /* MapCameraTrackingTypeConfigurationSelectionViewController.swift */; };
		CCB7D3F22D4CED5000BCCF20 /* CommonItemSelectionWithTickTableViewCell.swift in Sources */ = {isa = PBXBuildFile; fileRef = CCB7D3F12D4CED5000BCCF20 /* CommonItemSelectionWithTickTableViewCell.swift */; };
		CCC3EBEA2D49E074006B76E1 /* ConfigurationEntryCell.swift in Sources */ = {isa = PBXBuildFile; fileRef = CCC3EBE92D49E074006B76E1 /* ConfigurationEntryCell.swift */; };
		CCC3EBEC2D49EE08006B76E1 /* CommonRadioButtonTableViewCell.swift in Sources */ = {isa = PBXBuildFile; fileRef = CCC3EBEB2D49EE08006B76E1 /* CommonRadioButtonTableViewCell.swift */; };
		CCC3EBEE2D49FA62006B76E1 /* CustomRadioButton.swift in Sources */ = {isa = PBXBuildFile; fileRef = CCC3EBED2D49FA62006B76E1 /* CustomRadioButton.swift */; };
		CCC3EBF02D49FF85006B76E1 /* RadioButtonItemView.swift in Sources */ = {isa = PBXBuildFile; fileRef = CCC3EBEF2D49FF85006B76E1 /* RadioButtonItemView.swift */; };
		CCC5EF552D31530900A066DD /* RestAPIAutosearchViewController.swift in Sources */ = {isa = PBXBuildFile; fileRef = CCC5EF542D31530900A066DD /* RestAPIAutosearchViewController.swift */; };
		CCC5EF572D31537C00A066DD /* SearchBar.swift in Sources */ = {isa = PBXBuildFile; fileRef = CCC5EF562D31537C00A066DD /* SearchBar.swift */; };
		CCC5EF592D31543500A066DD /* AutosearchResultCell.swift in Sources */ = {isa = PBXBuildFile; fileRef = CCC5EF582D31543500A066DD /* AutosearchResultCell.swift */; };
		CCD1D8D02D4E0162002A61E5 /* UtilitySubOptionViewController.swift in Sources */ = {isa = PBXBuildFile; fileRef = CCD1D8CF2D4E0162002A61E5 /* UtilitySubOptionViewController.swift */; };
		CCD1D8D22D4E0241002A61E5 /* UtilityViewController.swift in Sources */ = {isa = PBXBuildFile; fileRef = CCD1D8D12D4E0241002A61E5 /* UtilityViewController.swift */; };
		CCD1D8DA2D4E17F3002A61E5 /* MapplsDigipinUtility.swift in Sources */ = {isa = PBXBuildFile; fileRef = CCD1D8D92D4E17F3002A61E5 /* MapplsDigipinUtility.swift */; };
		CCD1D8DC2D4E19BF002A61E5 /* DIGIPINTopEntryView.swift in Sources */ = {isa = PBXBuildFile; fileRef = CCD1D8DB2D4E19BF002A61E5 /* DIGIPINTopEntryView.swift */; };
		CCD1D8F02D50895F002A61E5 /* Roboto-Bold.ttf in Resources */ = {isa = PBXBuildFile; fileRef = CCD1D8E32D50895E002A61E5 /* Roboto-Bold.ttf */; };
		CCD1D8F12D50895F002A61E5 /* Roboto-Light.ttf in Resources */ = {isa = PBXBuildFile; fileRef = CCD1D8E42D50895E002A61E5 /* Roboto-Light.ttf */; };
		CCD1D8F22D50895F002A61E5 /* Roboto-BoldItalic.ttf in Resources */ = {isa = PBXBuildFile; fileRef = CCD1D8E52D50895E002A61E5 /* Roboto-BoldItalic.ttf */; };
		CCD1D8F32D50895F002A61E5 /* Roboto-Medium.ttf in Resources */ = {isa = PBXBuildFile; fileRef = CCD1D8E62D50895E002A61E5 /* Roboto-Medium.ttf */; };
		CCD1D8F42D50895F002A61E5 /* LICENSE.txt in Resources */ = {isa = PBXBuildFile; fileRef = CCD1D8E72D50895E002A61E5 /* LICENSE.txt */; };
		CCD1D8F62D50895F002A61E5 /* Roboto-Black.ttf in Resources */ = {isa = PBXBuildFile; fileRef = CCD1D8E92D50895E002A61E5 /* Roboto-Black.ttf */; };
		CCD1D8F72D50895F002A61E5 /* Roboto-Thin.ttf in Resources */ = {isa = PBXBuildFile; fileRef = CCD1D8EA2D50895E002A61E5 /* Roboto-Thin.ttf */; };
		CCD1D8F82D50895F002A61E5 /* Roboto-Italic.ttf in Resources */ = {isa = PBXBuildFile; fileRef = CCD1D8EB2D50895E002A61E5 /* Roboto-Italic.ttf */; };
		CCD1D8F92D50895F002A61E5 /* Roboto-MediumItalic.ttf in Resources */ = {isa = PBXBuildFile; fileRef = CCD1D8EC2D50895E002A61E5 /* Roboto-MediumItalic.ttf */; };
		CCD1D8FA2D50895F002A61E5 /* Roboto-ThinItalic.ttf in Resources */ = {isa = PBXBuildFile; fileRef = CCD1D8ED2D50895E002A61E5 /* Roboto-ThinItalic.ttf */; };
		CCD1D8FB2D50895F002A61E5 /* Roboto-LightItalic.ttf in Resources */ = {isa = PBXBuildFile; fileRef = CCD1D8EE2D50895F002A61E5 /* Roboto-LightItalic.ttf */; };
		CCD1D8FC2D50895F002A61E5 /* Roboto-BlackItalic.ttf in Resources */ = {isa = PBXBuildFile; fileRef = CCD1D8EF2D50895F002A61E5 /* Roboto-BlackItalic.ttf */; };
		CCD1D8FE2D509B6E002A61E5 /* BottomLabelsView.swift in Sources */ = {isa = PBXBuildFile; fileRef = CCD1D8FD2D509B6E002A61E5 /* BottomLabelsView.swift */; };
		CCD1D92C2D50DADE002A61E5 /* RestAPITripPlanViewController.swift in Sources */ = {isa = PBXBuildFile; fileRef = CCD1D92B2D50DADE002A61E5 /* RestAPITripPlanViewController.swift */; };
		D1FFC0A32D82E7C8007DD9F4 /* StyleImageIcon.swift in Sources */ = {isa = PBXBuildFile; fileRef = D1FFC0A22D82E7C8007DD9F4 /* StyleImageIcon.swift */; };
		D1FFC0A52D82F03B007DD9F4 /* DynamicClusteringViewController.swift in Sources */ = {isa = PBXBuildFile; fileRef = D1FFC0A42D82F03B007DD9F4 /* DynamicClusteringViewController.swift */; };
/* End PBXBuildFile section */

/* Begin PBXCopyFilesBuildPhase section */
		CC0E5A682D312048005C32B6 /* Embed Frameworks */ = {
			isa = PBXCopyFilesBuildPhase;
			buildActionMask = 2147483647;
			dstPath = "";
			dstSubfolderSpec = 10;
			files = (
			);
			name = "Embed Frameworks";
			runOnlyForDeploymentPostprocessing = 0;
		};
/* End PBXCopyFilesBuildPhase section */

/* Begin PBXFileReference section */
		35ACC8052DF9B6D4006B9710 /* app1747745852i1191326110.i.conf */ = {isa = PBXFileReference; lastKnownFileType = file; path = app1747745852i1191326110.i.conf; sourceTree = "<group>"; };
		35ACC8062DF9B6D4006B9710 /* app1747745852i1191326110.i.olf */ = {isa = PBXFileReference; lastKnownFileType = text; path = app1747745852i1191326110.i.olf; sourceTree = "<group>"; };
		47F09EB42D5E0733006FF04A /* CommonSearchBarView.swift */ = {isa = PBXFileReference; lastKnownFileType = sourcecode.swift; path = CommonSearchBarView.swift; sourceTree = "<group>"; };
		47F09EB62D5E0FD1006FF04A /* UIViewController+Extension.swift */ = {isa = PBXFileReference; lastKnownFileType = sourcecode.swift; path = "UIViewController+Extension.swift"; sourceTree = "<group>"; };
		67B92E465D72DC67822E0702 /* Pods-MapplsSDKDemo.release.xcconfig */ = {isa = PBXFileReference; includeInIndex = 1; lastKnownFileType = text.xcconfig; name = "Pods-MapplsSDKDemo.release.xcconfig"; path = "Target Support Files/Pods-MapplsSDKDemo/Pods-MapplsSDKDemo.release.xcconfig"; sourceTree = "<group>"; };
		75F3D9B7E408C25C52C51AA1 /* Pods_MapplsSDKDemo.framework */ = {isa = PBXFileReference; explicitFileType = wrapper.framework; includeInIndex = 0; path = Pods_MapplsSDKDemo.framework; sourceTree = BUILT_PRODUCTS_DIR; };
		94B8AB65B3C1E0FA61FBB71F /* Pods-MapplsSDKDemo.debug.xcconfig */ = {isa = PBXFileReference; includeInIndex = 1; lastKnownFileType = text.xcconfig; name = "Pods-MapplsSDKDemo.debug.xcconfig"; path = "Target Support Files/Pods-MapplsSDKDemo/Pods-MapplsSDKDemo.debug.xcconfig"; sourceTree = "<group>"; };
		99853DCB2D5F07D900B12F29 /* Roboto-Regular.ttf */ = {isa = PBXFileReference; lastKnownFileType = file; path = "Roboto-Regular.ttf"; sourceTree = "<group>"; };
		CC0E5A552D30ED90005C32B6 /* CameraViewController.swift */ = {isa = PBXFileReference; lastKnownFileType = sourcecode.swift; path = CameraViewController.swift; sourceTree = "<group>"; };
		CC0E5A572D30FB0F005C32B6 /* LocationOptionViewController.swift */ = {isa = PBXFileReference; lastKnownFileType = sourcecode.swift; path = LocationOptionViewController.swift; sourceTree = "<group>"; };
		CC0E5A5B2D311044005C32B6 /* LocationViewController.swift */ = {isa = PBXFileReference; lastKnownFileType = sourcecode.swift; path = LocationViewController.swift; sourceTree = "<group>"; };
		CC0E5A6B2D31222F005C32B6 /* RestAPIOptionViewController.swift */ = {isa = PBXFileReference; lastKnownFileType = sourcecode.swift; path = RestAPIOptionViewController.swift; sourceTree = "<group>"; };
		CC0E5A6D2D31426A005C32B6 /* CustomUserLocationAnnotationView.swift */ = {isa = PBXFileReference; lastKnownFileType = sourcecode.swift; path = CustomUserLocationAnnotationView.swift; sourceTree = "<group>"; };
		CC0E5A6F2D314B5C005C32B6 /* RestAPIViewController.swift */ = {isa = PBXFileReference; lastKnownFileType = sourcecode.swift; path = RestAPIViewController.swift; sourceTree = "<group>"; wrapsLines = 1; };
		CC31CF282D37E4E100E8AD8F /* InfoTableViewCell.swift */ = {isa = PBXFileReference; lastKnownFileType = sourcecode.swift; path = InfoTableViewCell.swift; sourceTree = "<group>"; };
		CC64C4522D2CF15D001BE9CA /* MapplsSDKDemo.app */ = {isa = PBXFileReference; explicitFileType = wrapper.application; includeInIndex = 0; path = MapplsSDKDemo.app; sourceTree = BUILT_PRODUCTS_DIR; };
		CC64C4552D2CF15D001BE9CA /* AppDelegate.swift */ = {isa = PBXFileReference; lastKnownFileType = sourcecode.swift; path = AppDelegate.swift; sourceTree = "<group>"; };
		CC64C4572D2CF15D001BE9CA /* SceneDelegate.swift */ = {isa = PBXFileReference; lastKnownFileType = sourcecode.swift; path = SceneDelegate.swift; sourceTree = "<group>"; };
		CC64C4592D2CF15D001BE9CA /* ViewController.swift */ = {isa = PBXFileReference; lastKnownFileType = sourcecode.swift; path = ViewController.swift; sourceTree = "<group>"; };
		CC64C45C2D2CF15D001BE9CA /* Base */ = {isa = PBXFileReference; lastKnownFileType = file.storyboard; name = Base; path = Base.lproj/Main.storyboard; sourceTree = "<group>"; };
		CC64C45E2D2CF15E001BE9CA /* Assets.xcassets */ = {isa = PBXFileReference; lastKnownFileType = folder.assetcatalog; path = Assets.xcassets; sourceTree = "<group>"; };
		CC64C4612D2CF15E001BE9CA /* Base */ = {isa = PBXFileReference; lastKnownFileType = file.storyboard; name = Base; path = Base.lproj/LaunchScreen.storyboard; sourceTree = "<group>"; };
		CC64C4632D2CF15E001BE9CA /* Info.plist */ = {isa = PBXFileReference; lastKnownFileType = text.plist.xml; path = Info.plist; sourceTree = "<group>"; };
		CC64C46C2D2CFB7B001BE9CA /* OptionsViewController.swift */ = {isa = PBXFileReference; lastKnownFileType = sourcecode.swift; path = OptionsViewController.swift; sourceTree = "<group>"; };
		CC64C46E2D2CFFEF001BE9CA /* TitleBarView.swift */ = {isa = PBXFileReference; lastKnownFileType = sourcecode.swift; path = TitleBarView.swift; sourceTree = "<group>"; };
		CC64C4712D2D01BE001BE9CA /* UIColor+Extension.swift */ = {isa = PBXFileReference; lastKnownFileType = sourcecode.swift; path = "UIColor+Extension.swift"; sourceTree = "<group>"; };
		CC64C4742D2D0A9C001BE9CA /* Utility.swift */ = {isa = PBXFileReference; lastKnownFileType = sourcecode.swift; path = Utility.swift; sourceTree = "<group>"; };
		CC64C4762D2D0AA2001BE9CA /* Theme.swift */ = {isa = PBXFileReference; lastKnownFileType = sourcecode.swift; path = Theme.swift; sourceTree = "<group>"; };
		CC64C4782D2D32B7001BE9CA /* UIView+Extension.swift */ = {isa = PBXFileReference; lastKnownFileType = sourcecode.swift; path = "UIView+Extension.swift"; sourceTree = "<group>"; };
		CC64C47A2D2D3BD5001BE9CA /* OptionsViewCell.swift */ = {isa = PBXFileReference; lastKnownFileType = sourcecode.swift; path = OptionsViewCell.swift; sourceTree = "<group>"; };
		CC64C4972D2E3BEA001BE9CA /* SubOptionsViewController.swift */ = {isa = PBXFileReference; lastKnownFileType = sourcecode.swift; path = SubOptionsViewController.swift; sourceTree = "<group>"; };
		CC64C4992D2E40CE001BE9CA /* NavigationBarView.swift */ = {isa = PBXFileReference; lastKnownFileType = sourcecode.swift; path = NavigationBarView.swift; sourceTree = "<group>"; };
		CC64C49C2D2E4581001BE9CA /* OptionsEnum.swift */ = {isa = PBXFileReference; lastKnownFileType = sourcecode.swift; path = OptionsEnum.swift; sourceTree = "<group>"; };
		CC64C4A02D2E51E0001BE9CA /* SubOptionsViewCell.swift */ = {isa = PBXFileReference; lastKnownFileType = sourcecode.swift; path = SubOptionsViewCell.swift; sourceTree = "<group>"; };
		CC64C4A22D2E9578001BE9CA /* OptionDetailViewController.swift */ = {isa = PBXFileReference; lastKnownFileType = sourcecode.swift; path = OptionDetailViewController.swift; sourceTree = "<group>"; };
		CC64C4A42D2E99FE001BE9CA /* TrafficSelectionView.swift */ = {isa = PBXFileReference; lastKnownFileType = sourcecode.swift; path = TrafficSelectionView.swift; sourceTree = "<group>"; };
		CC64C4A62D2FAA96001BE9CA /* LatLongDisplayView.swift */ = {isa = PBXFileReference; lastKnownFileType = sourcecode.swift; path = LatLongDisplayView.swift; sourceTree = "<group>"; };
		CC64C4A92D2FD7B9001BE9CA /* MapStyleURLs.swift */ = {isa = PBXFileReference; lastKnownFileType = sourcecode.swift; path = MapStyleURLs.swift; sourceTree = "<group>"; };
		CC64C4AB2D2FDB3B001BE9CA /* MapStyleOptionViewController.swift */ = {isa = PBXFileReference; lastKnownFileType = sourcecode.swift; path = MapStyleOptionViewController.swift; sourceTree = "<group>"; };
		CC64C4AD2D2FE5E2001BE9CA /* MapStylesCollectionViewCell.swift */ = {isa = PBXFileReference; lastKnownFileType = sourcecode.swift; path = MapStylesCollectionViewCell.swift; sourceTree = "<group>"; };
		CC64C4AF2D2FEE55001BE9CA /* PlaceAddressDetailView.swift */ = {isa = PBXFileReference; lastKnownFileType = sourcecode.swift; path = PlaceAddressDetailView.swift; sourceTree = "<group>"; };
		CC64C4B12D30E1A5001BE9CA /* CameraSubOptionsViewController.swift */ = {isa = PBXFileReference; lastKnownFileType = sourcecode.swift; path = CameraSubOptionsViewController.swift; sourceTree = "<group>"; };
		CC64C4B32D30E2A6001BE9CA /* SubOptionCollectionViewCell.swift */ = {isa = PBXFileReference; lastKnownFileType = sourcecode.swift; path = SubOptionCollectionViewCell.swift; sourceTree = "<group>"; };
		CC708EFC2D48CFC200A0CABC /* CommonInputCell.swift */ = {isa = PBXFileReference; lastKnownFileType = sourcecode.swift; path = CommonInputCell.swift; sourceTree = "<group>"; };
		CC708EFE2D48DEA400A0CABC /* Constants.swift */ = {isa = PBXFileReference; lastKnownFileType = sourcecode.swift; path = Constants.swift; sourceTree = "<group>"; };
		CC708F002D48F18E00A0CABC /* CustomSegmentControl.swift */ = {isa = PBXFileReference; lastKnownFileType = sourcecode.swift; path = CustomSegmentControl.swift; sourceTree = "<group>"; };
		CC708F022D49047200A0CABC /* DrivingRangeSettingsView.swift */ = {isa = PBXFileReference; lastKnownFileType = sourcecode.swift; path = DrivingRangeSettingsView.swift; sourceTree = "<group>"; };
		CC708F042D49DBBA00A0CABC /* CommonSwitchTableViewCell.swift */ = {isa = PBXFileReference; lastKnownFileType = sourcecode.swift; path = CommonSwitchTableViewCell.swift; sourceTree = "<group>"; };
		CC719C792D474B4F0015A3AB /* CustomIndoorViewController.swift */ = {isa = PBXFileReference; lastKnownFileType = sourcecode.swift; path = CustomIndoorViewController.swift; sourceTree = "<group>"; };
		CC719C7B2D474C860015A3AB /* DefaultIndoorViewController.swift */ = {isa = PBXFileReference; lastKnownFileType = sourcecode.swift; path = DefaultIndoorViewController.swift; sourceTree = "<group>"; };
		CC719C7D2D476E420015A3AB /* DrivingRangePluginViewController.swift */ = {isa = PBXFileReference; lastKnownFileType = sourcecode.swift; path = DrivingRangePluginViewController.swift; sourceTree = "<group>"; };
		CC719C812D476F310015A3AB /* UITextField+Extension.swift */ = {isa = PBXFileReference; lastKnownFileType = sourcecode.swift; path = "UITextField+Extension.swift"; sourceTree = "<group>"; };
		CC719C852D4781370015A3AB /* LocationChooserTableViewCell.swift */ = {isa = PBXFileReference; lastKnownFileType = sourcecode.swift; path = LocationChooserTableViewCell.swift; sourceTree = "<group>"; };
		CC719C8B2D48BCE30015A3AB /* SetSDKKeysViewController.swift */ = {isa = PBXFileReference; lastKnownFileType = sourcecode.swift; path = SetSDKKeysViewController.swift; sourceTree = "<group>"; };
		CC719C8F2D48CB810015A3AB /* SDKKeysSetView.swift */ = {isa = PBXFileReference; lastKnownFileType = sourcecode.swift; path = SDKKeysSetView.swift; sourceTree = "<group>"; };
		CC94FD432D38E37600514A48 /* MarkerOptionViewController.swift */ = {isa = PBXFileReference; lastKnownFileType = sourcecode.swift; path = MarkerOptionViewController.swift; sourceTree = "<group>"; };
		CC94FD452D38E4EC00514A48 /* MarkerViewController.swift */ = {isa = PBXFileReference; lastKnownFileType = sourcecode.swift; path = MarkerViewController.swift; sourceTree = "<group>"; };
		CC94FD472D38E7C000514A48 /* CustomAnnotationView.swift */ = {isa = PBXFileReference; lastKnownFileType = sourcecode.swift; path = CustomAnnotationView.swift; sourceTree = "<group>"; };
		CC94FD492D38EB0400514A48 /* CustomCalloutView.swift */ = {isa = PBXFileReference; lastKnownFileType = sourcecode.swift; path = CustomCalloutView.swift; sourceTree = "<group>"; };
		CC94FD4B2D39055200514A48 /* PolylineOptionViewController.swift */ = {isa = PBXFileReference; lastKnownFileType = sourcecode.swift; path = PolylineOptionViewController.swift; sourceTree = "<group>"; };
		CC94FD4D2D3905ED00514A48 /* PolylineViewController.swift */ = {isa = PBXFileReference; lastKnownFileType = sourcecode.swift; path = PolylineViewController.swift; sourceTree = "<group>"; };
		CC94FD4F2D39223A00514A48 /* CustomWidgetsOptionsViewController.swift */ = {isa = PBXFileReference; lastKnownFileType = sourcecode.swift; path = CustomWidgetsOptionsViewController.swift; sourceTree = "<group>"; };
		CC94FD532D39262E00514A48 /* CustomWidgetsPlacePickerViewController.swift */ = {isa = PBXFileReference; lastKnownFileType = sourcecode.swift; path = CustomWidgetsPlacePickerViewController.swift; sourceTree = "<group>"; };
		CC94FD552D3A1E8A00514A48 /* PlacePickerSettingsViewController.swift */ = {isa = PBXFileReference; lastKnownFileType = sourcecode.swift; path = PlacePickerSettingsViewController.swift; sourceTree = "<group>"; };
		CC94FD572D3A315E00514A48 /* PlacePickerChooseTypeViewController.swift */ = {isa = PBXFileReference; lastKnownFileType = sourcecode.swift; path = PlacePickerChooseTypeViewController.swift; sourceTree = "<group>"; };
		CC94FD592D3A5FFC00514A48 /* KeyValueTableViewController.swift */ = {isa = PBXFileReference; lastKnownFileType = sourcecode.swift; path = KeyValueTableViewController.swift; sourceTree = "<group>"; };
		CCA0B2FA2D425F72003743AA /* MapplsGeofenceUIViewController.swift */ = {isa = PBXFileReference; lastKnownFileType = sourcecode.swift; path = MapplsGeofenceUIViewController.swift; sourceTree = "<group>"; };
		CCA0B2FC2D426C28003743AA /* CustomGeofenceUIViewController.swift */ = {isa = PBXFileReference; lastKnownFileType = sourcecode.swift; path = CustomGeofenceUIViewController.swift; sourceTree = "<group>"; };
		CCA0B3022D435238003743AA /* CustomGeofenceVC.swift */ = {isa = PBXFileReference; lastKnownFileType = sourcecode.swift; path = CustomGeofenceVC.swift; sourceTree = "<group>"; };
		CCA0B3042D4353CD003743AA /* ShapeCell.swift */ = {isa = PBXFileReference; lastKnownFileType = sourcecode.swift; path = ShapeCell.swift; sourceTree = "<group>"; };
		CCA0B3082D435461003743AA /* MapComponentsVC.swift */ = {isa = PBXFileReference; lastKnownFileType = sourcecode.swift; path = MapComponentsVC.swift; sourceTree = "<group>"; };
		CCA0B30A2D4354C2003743AA /* PolygonPointsVC.swift */ = {isa = PBXFileReference; lastKnownFileType = sourcecode.swift; path = PolygonPointsVC.swift; sourceTree = "<group>"; };
		CCA0B30C2D4356FC003743AA /* ShapeCell.xib */ = {isa = PBXFileReference; lastKnownFileType = file.xib; path = ShapeCell.xib; sourceTree = "<group>"; };
		CCA0B3102D43682E003743AA /* GeoanalyticsTableViewCell.swift */ = {isa = PBXFileReference; lastKnownFileType = sourcecode.swift; path = GeoanalyticsTableViewCell.swift; sourceTree = "<group>"; };
		CCA0B3122D4369AA003743AA /* GeoanalyticsViewController.swift */ = {isa = PBXFileReference; lastKnownFileType = sourcecode.swift; path = GeoanalyticsViewController.swift; sourceTree = "<group>"; };
		CCA0B3142D438FF1003743AA /* MKPolyline+Extension.swift */ = {isa = PBXFileReference; lastKnownFileType = sourcecode.swift; path = "MKPolyline+Extension.swift"; sourceTree = "<group>"; };
		CCA0B3162D43900E003743AA /* MGLPolyline+Extension.swift */ = {isa = PBXFileReference; lastKnownFileType = sourcecode.swift; path = "MGLPolyline+Extension.swift"; sourceTree = "<group>"; };
		CCA0B3182D439088003743AA /* Double+Extension.swift */ = {isa = PBXFileReference; lastKnownFileType = sourcecode.swift; path = "Double+Extension.swift"; sourceTree = "<group>"; };
		CCA1AE122D3F7E5500A6C8BB /* DraggableAnnotationView.swift */ = {isa = PBXFileReference; lastKnownFileType = sourcecode.swift; path = DraggableAnnotationView.swift; sourceTree = "<group>"; };
		CCA1AE182D40B9F400A6C8BB /* PolylineLayerPlugin.swift */ = {isa = PBXFileReference; fileEncoding = 4; lastKnownFileType = sourcecode.swift; path = PolylineLayerPlugin.swift; sourceTree = "<group>"; };
		CCA1AE1A2D41283E00A6C8BB /* metro-line.geojson */ = {isa = PBXFileReference; fileEncoding = 4; lastKnownFileType = text; path = "metro-line.geojson"; sourceTree = "<group>"; };
		CCA1AE1C2D42049900A6C8BB /* AI_PotLoc4SDB.geojson */ = {isa = PBXFileReference; fileEncoding = 4; lastKnownFileType = text; path = AI_PotLoc4SDB.geojson; sourceTree = "<group>"; };
		CCA1AE1E2D42080400A6C8BB /* GeoJSONOptionViewController.swift */ = {isa = PBXFileReference; lastKnownFileType = sourcecode.swift; path = GeoJSONOptionViewController.swift; sourceTree = "<group>"; };
		CCA1AE202D420AC500A6C8BB /* GeoJSONViewController.swift */ = {isa = PBXFileReference; lastKnownFileType = sourcecode.swift; path = GeoJSONViewController.swift; sourceTree = "<group>"; };
		CCA1AE222D420EC600A6C8BB /* Marker.geojson */ = {isa = PBXFileReference; lastKnownFileType = text; path = Marker.geojson; sourceTree = "<group>"; };
		CCA1AE232D420F7500A6C8BB /* polygon.geojson */ = {isa = PBXFileReference; lastKnownFileType = text; path = polygon.geojson; sourceTree = "<group>"; };
		CCA1AE262D42122700A6C8BB /* polyline.geojson */ = {isa = PBXFileReference; lastKnownFileType = text; path = polyline.geojson; sourceTree = "<group>"; };
		CCA1AE2B2D42411800A6C8BB /* RasterCatelogueViewController.swift */ = {isa = PBXFileReference; lastKnownFileType = sourcecode.swift; path = RasterCatelogueViewController.swift; sourceTree = "<group>"; };
		CCAAE3072D34EB6F00B692CC /* APIManager.swift */ = {isa = PBXFileReference; lastKnownFileType = sourcecode.swift; path = APIManager.swift; sourceTree = "<group>"; };
		CCB7D3E12D4B940400BCCF20 /* GeoanalyticsSwitchCasesViewController.swift */ = {isa = PBXFileReference; lastKnownFileType = sourcecode.swift; path = GeoanalyticsSwitchCasesViewController.swift; sourceTree = "<group>"; };
		CCB7D3E32D4B965100BCCF20 /* SwitchTableViewCell.swift */ = {isa = PBXFileReference; lastKnownFileType = sourcecode.swift; path = SwitchTableViewCell.swift; sourceTree = "<group>"; };
		CCB7D3E52D4C83C600BCCF20 /* MapLayersOptionsViewController.swift */ = {isa = PBXFileReference; lastKnownFileType = sourcecode.swift; path = MapLayersOptionsViewController.swift; sourceTree = "<group>"; };
		CCB7D3E72D4C886700BCCF20 /* MapLayersViewController.swift */ = {isa = PBXFileReference; lastKnownFileType = sourcecode.swift; path = MapLayersViewController.swift; sourceTree = "<group>"; };
		CCB7D3E92D4CD0C000BCCF20 /* CameraMode.swift */ = {isa = PBXFileReference; lastKnownFileType = sourcecode.swift; path = CameraMode.swift; sourceTree = "<group>"; };
		CCB7D3EB2D4CD12900BCCF20 /* CameraTrackingType.swift */ = {isa = PBXFileReference; lastKnownFileType = sourcecode.swift; path = CameraTrackingType.swift; sourceTree = "<group>"; };
		CCB7D3ED2D4CD1F500BCCF20 /* MapCameraConfigurationSelectionViewController.swift */ = {isa = PBXFileReference; lastKnownFileType = sourcecode.swift; path = MapCameraConfigurationSelectionViewController.swift; sourceTree = "<group>"; };
		CCB7D3EF2D4CEC4000BCCF20 /* MapCameraTrackingTypeConfigurationSelectionViewController.swift */ = {isa = PBXFileReference; lastKnownFileType = sourcecode.swift; path = MapCameraTrackingTypeConfigurationSelectionViewController.swift; sourceTree = "<group>"; };
		CCB7D3F12D4CED5000BCCF20 /* CommonItemSelectionWithTickTableViewCell.swift */ = {isa = PBXFileReference; lastKnownFileType = sourcecode.swift; path = CommonItemSelectionWithTickTableViewCell.swift; sourceTree = "<group>"; };
		CCC3EBE92D49E074006B76E1 /* ConfigurationEntryCell.swift */ = {isa = PBXFileReference; lastKnownFileType = sourcecode.swift; path = ConfigurationEntryCell.swift; sourceTree = "<group>"; };
		CCC3EBEB2D49EE08006B76E1 /* CommonRadioButtonTableViewCell.swift */ = {isa = PBXFileReference; lastKnownFileType = sourcecode.swift; path = CommonRadioButtonTableViewCell.swift; sourceTree = "<group>"; };
		CCC3EBED2D49FA62006B76E1 /* CustomRadioButton.swift */ = {isa = PBXFileReference; lastKnownFileType = sourcecode.swift; path = CustomRadioButton.swift; sourceTree = "<group>"; };
		CCC3EBEF2D49FF85006B76E1 /* RadioButtonItemView.swift */ = {isa = PBXFileReference; lastKnownFileType = sourcecode.swift; path = RadioButtonItemView.swift; sourceTree = "<group>"; };
		CCC5EF542D31530900A066DD /* RestAPIAutosearchViewController.swift */ = {isa = PBXFileReference; lastKnownFileType = sourcecode.swift; path = RestAPIAutosearchViewController.swift; sourceTree = "<group>"; };
		CCC5EF562D31537C00A066DD /* SearchBar.swift */ = {isa = PBXFileReference; lastKnownFileType = sourcecode.swift; path = SearchBar.swift; sourceTree = "<group>"; };
		CCC5EF582D31543500A066DD /* AutosearchResultCell.swift */ = {isa = PBXFileReference; lastKnownFileType = sourcecode.swift; path = AutosearchResultCell.swift; sourceTree = "<group>"; };
		CCD1D8CF2D4E0162002A61E5 /* UtilitySubOptionViewController.swift */ = {isa = PBXFileReference; lastKnownFileType = sourcecode.swift; path = UtilitySubOptionViewController.swift; sourceTree = "<group>"; };
		CCD1D8D12D4E0241002A61E5 /* UtilityViewController.swift */ = {isa = PBXFileReference; lastKnownFileType = sourcecode.swift; path = UtilityViewController.swift; sourceTree = "<group>"; };
		CCD1D8D92D4E17F3002A61E5 /* MapplsDigipinUtility.swift */ = {isa = PBXFileReference; fileEncoding = 4; lastKnownFileType = sourcecode.swift; path = MapplsDigipinUtility.swift; sourceTree = "<group>"; };
		CCD1D8DB2D4E19BF002A61E5 /* DIGIPINTopEntryView.swift */ = {isa = PBXFileReference; lastKnownFileType = sourcecode.swift; path = DIGIPINTopEntryView.swift; sourceTree = "<group>"; };
		CCD1D8E32D50895E002A61E5 /* Roboto-Bold.ttf */ = {isa = PBXFileReference; lastKnownFileType = file; path = "Roboto-Bold.ttf"; sourceTree = "<group>"; };
		CCD1D8E42D50895E002A61E5 /* Roboto-Light.ttf */ = {isa = PBXFileReference; lastKnownFileType = file; path = "Roboto-Light.ttf"; sourceTree = "<group>"; };
		CCD1D8E52D50895E002A61E5 /* Roboto-BoldItalic.ttf */ = {isa = PBXFileReference; lastKnownFileType = file; path = "Roboto-BoldItalic.ttf"; sourceTree = "<group>"; };
		CCD1D8E62D50895E002A61E5 /* Roboto-Medium.ttf */ = {isa = PBXFileReference; lastKnownFileType = file; path = "Roboto-Medium.ttf"; sourceTree = "<group>"; };
		CCD1D8E72D50895E002A61E5 /* LICENSE.txt */ = {isa = PBXFileReference; fileEncoding = 4; lastKnownFileType = text; path = LICENSE.txt; sourceTree = "<group>"; };
		CCD1D8E92D50895E002A61E5 /* Roboto-Black.ttf */ = {isa = PBXFileReference; lastKnownFileType = file; path = "Roboto-Black.ttf"; sourceTree = "<group>"; };
		CCD1D8EA2D50895E002A61E5 /* Roboto-Thin.ttf */ = {isa = PBXFileReference; lastKnownFileType = file; path = "Roboto-Thin.ttf"; sourceTree = "<group>"; };
		CCD1D8EB2D50895E002A61E5 /* Roboto-Italic.ttf */ = {isa = PBXFileReference; lastKnownFileType = file; path = "Roboto-Italic.ttf"; sourceTree = "<group>"; };
		CCD1D8EC2D50895E002A61E5 /* Roboto-MediumItalic.ttf */ = {isa = PBXFileReference; lastKnownFileType = file; path = "Roboto-MediumItalic.ttf"; sourceTree = "<group>"; };
		CCD1D8ED2D50895E002A61E5 /* Roboto-ThinItalic.ttf */ = {isa = PBXFileReference; lastKnownFileType = file; path = "Roboto-ThinItalic.ttf"; sourceTree = "<group>"; };
		CCD1D8EE2D50895F002A61E5 /* Roboto-LightItalic.ttf */ = {isa = PBXFileReference; lastKnownFileType = file; path = "Roboto-LightItalic.ttf"; sourceTree = "<group>"; };
		CCD1D8EF2D50895F002A61E5 /* Roboto-BlackItalic.ttf */ = {isa = PBXFileReference; lastKnownFileType = file; path = "Roboto-BlackItalic.ttf"; sourceTree = "<group>"; };
		CCD1D8FD2D509B6E002A61E5 /* BottomLabelsView.swift */ = {isa = PBXFileReference; lastKnownFileType = sourcecode.swift; path = BottomLabelsView.swift; sourceTree = "<group>"; };
		CCD1D92B2D50DADE002A61E5 /* RestAPITripPlanViewController.swift */ = {isa = PBXFileReference; lastKnownFileType = sourcecode.swift; path = RestAPITripPlanViewController.swift; sourceTree = "<group>"; };
		D1FFC0A22D82E7C8007DD9F4 /* StyleImageIcon.swift */ = {isa = PBXFileReference; lastKnownFileType = sourcecode.swift; path = StyleImageIcon.swift; sourceTree = "<group>"; };
		D1FFC0A42D82F03B007DD9F4 /* DynamicClusteringViewController.swift */ = {isa = PBXFileReference; lastKnownFileType = sourcecode.swift; path = DynamicClusteringViewController.swift; sourceTree = "<group>"; };
/* End PBXFileReference section */

/* Begin PBXFrameworksBuildPhase section */
		CC64C44F2D2CF15D001BE9CA /* Frameworks */ = {
			isa = PBXFrameworksBuildPhase;
			buildActionMask = 2147483647;
			files = (
				35ACC7E72DF9B2F0006B9710 /* MapplsNearbyUI in Frameworks */,
				35ACC7E12DF9B2D2006B9710 /* MapplsFeedbackUIKit in Frameworks */,
				35ACC7F02DF9B393006B9710 /* MapplsGeoanalytics in Frameworks */,
				35ACC7E42DF9B2E4006B9710 /* MapplsDirectionUI in Frameworks */,
				35ACC7F32DF9B3B3006B9710 /* MapplsDrivingRangePlugin in Frameworks */,
				35ACC7ED2DF9B377006B9710 /* MapplsRasterCatalogue in Frameworks */,
				35ACC7EA2DF9B356006B9710 /* MapplsGeofenceUI in Frameworks */,
				35ACC7DE2DF9B2C8006B9710 /* MapplsMap in Frameworks */,
				50E8BD0971CF06B3E743FE14 /* Pods_MapplsSDKDemo.framework in Frameworks */,
			);
			runOnlyForDeploymentPostprocessing = 0;
		};
/* End PBXFrameworksBuildPhase section */

/* Begin PBXGroup section */
		0F3473A526E90D2A5FE5D1F1 /* Pods */ = {
			isa = PBXGroup;
			children = (
				94B8AB65B3C1E0FA61FBB71F /* Pods-MapplsSDKDemo.debug.xcconfig */,
				67B92E465D72DC67822E0702 /* Pods-MapplsSDKDemo.release.xcconfig */,
			);
			path = Pods;
			sourceTree = "<group>";
		};
		CC64C4492D2CF15D001BE9CA = {
			isa = PBXGroup;
			children = (
				CC64C4542D2CF15D001BE9CA /* MapplsSDKDemo */,
				CC64C4532D2CF15D001BE9CA /* Products */,
				F7D82EF69279D60268649249 /* Frameworks */,
				0F3473A526E90D2A5FE5D1F1 /* Pods */,
			);
			sourceTree = "<group>";
		};
		CC64C4532D2CF15D001BE9CA /* Products */ = {
			isa = PBXGroup;
			children = (
				CC64C4522D2CF15D001BE9CA /* MapplsSDKDemo.app */,
			);
			name = Products;
			sourceTree = "<group>";
		};
		CC64C4542D2CF15D001BE9CA /* MapplsSDKDemo */ = {
			isa = PBXGroup;
			children = (
				CCAAE3062D34E2B400B692CC /* Network */,
				CC64C47C2D2D3D76001BE9CA /* fonts */,
				CC64C4732D2D0A8E001BE9CA /* Helper */,
				CC64C4702D2D01A0001BE9CA /* Extensions */,
				CC64C4552D2CF15D001BE9CA /* AppDelegate.swift */,
				CC64C46B2D2CFA52001BE9CA /* Controllers */,
				CC64C46A2D2CFA3F001BE9CA /* Views */,
				CC64C4572D2CF15D001BE9CA /* SceneDelegate.swift */,
				35ACC8052DF9B6D4006B9710 /* app1747745852i1191326110.i.conf */,
				35ACC8062DF9B6D4006B9710 /* app1747745852i1191326110.i.olf */,
				CC64C4592D2CF15D001BE9CA /* ViewController.swift */,
				CC64C45B2D2CF15D001BE9CA /* Main.storyboard */,
				CC64C45E2D2CF15E001BE9CA /* Assets.xcassets */,
				CC64C4602D2CF15E001BE9CA /* LaunchScreen.storyboard */,
				CC64C4632D2CF15E001BE9CA /* Info.plist */,
			);
			path = MapplsSDKDemo;
			sourceTree = "<group>";
		};
		CC64C46A2D2CFA3F001BE9CA /* Views */ = {
			isa = PBXGroup;
			children = (
				CC64C46E2D2CFFEF001BE9CA /* TitleBarView.swift */,
				CC64C47A2D2D3BD5001BE9CA /* OptionsViewCell.swift */,
				CC64C4992D2E40CE001BE9CA /* NavigationBarView.swift */,
				CC64C4A02D2E51E0001BE9CA /* SubOptionsViewCell.swift */,
				CC64C4A42D2E99FE001BE9CA /* TrafficSelectionView.swift */,
				CC64C4A62D2FAA96001BE9CA /* LatLongDisplayView.swift */,
				CC64C4AD2D2FE5E2001BE9CA /* MapStylesCollectionViewCell.swift */,
				CC64C4AF2D2FEE55001BE9CA /* PlaceAddressDetailView.swift */,
				CC64C4B32D30E2A6001BE9CA /* SubOptionCollectionViewCell.swift */,
				CCB7D3F12D4CED5000BCCF20 /* CommonItemSelectionWithTickTableViewCell.swift */,
				CC0E5A6D2D31426A005C32B6 /* CustomUserLocationAnnotationView.swift */,
				CCC5EF562D31537C00A066DD /* SearchBar.swift */,
				CCC5EF582D31543500A066DD /* AutosearchResultCell.swift */,
				CC31CF282D37E4E100E8AD8F /* InfoTableViewCell.swift */,
				CC94FD472D38E7C000514A48 /* CustomAnnotationView.swift */,
				CC94FD492D38EB0400514A48 /* CustomCalloutView.swift */,
				CCA1AE122D3F7E5500A6C8BB /* DraggableAnnotationView.swift */,
				CCA0B3042D4353CD003743AA /* ShapeCell.swift */,
				CCA0B30C2D4356FC003743AA /* ShapeCell.xib */,
				CCA0B3102D43682E003743AA /* GeoanalyticsTableViewCell.swift */,
				CC719C852D4781370015A3AB /* LocationChooserTableViewCell.swift */,
				CC719C8F2D48CB810015A3AB /* SDKKeysSetView.swift */,
				CC708EFC2D48CFC200A0CABC /* CommonInputCell.swift */,
				CC708F002D48F18E00A0CABC /* CustomSegmentControl.swift */,
				CC708F022D49047200A0CABC /* DrivingRangeSettingsView.swift */,
				CC708F042D49DBBA00A0CABC /* CommonSwitchTableViewCell.swift */,
				CCC3EBE92D49E074006B76E1 /* ConfigurationEntryCell.swift */,
				CCC3EBEB2D49EE08006B76E1 /* CommonRadioButtonTableViewCell.swift */,
				CCC3EBED2D49FA62006B76E1 /* CustomRadioButton.swift */,
				CCC3EBEF2D49FF85006B76E1 /* RadioButtonItemView.swift */,
				CCB7D3E32D4B965100BCCF20 /* SwitchTableViewCell.swift */,
				CCD1D8DB2D4E19BF002A61E5 /* DIGIPINTopEntryView.swift */,
				CCD1D8FD2D509B6E002A61E5 /* BottomLabelsView.swift */,
				47F09EB42D5E0733006FF04A /* CommonSearchBarView.swift */,
				D1FFC0A22D82E7C8007DD9F4 /* StyleImageIcon.swift */,
				D1FFC0A42D82F03B007DD9F4 /* DynamicClusteringViewController.swift */,
			);
			path = Views;
			sourceTree = "<group>";
		};
		CC64C46B2D2CFA52001BE9CA /* Controllers */ = {
			isa = PBXGroup;
			children = (
				CC64C46C2D2CFB7B001BE9CA /* OptionsViewController.swift */,
				CC64C4972D2E3BEA001BE9CA /* SubOptionsViewController.swift */,
				CC64C4A22D2E9578001BE9CA /* OptionDetailViewController.swift */,
				CC64C4AB2D2FDB3B001BE9CA /* MapStyleOptionViewController.swift */,
				CC719C7D2D476E420015A3AB /* DrivingRangePluginViewController.swift */,
				CC64C4B12D30E1A5001BE9CA /* CameraSubOptionsViewController.swift */,
				CC0E5A552D30ED90005C32B6 /* CameraViewController.swift */,
				CC0E5A572D30FB0F005C32B6 /* LocationOptionViewController.swift */,
				CC0E5A5B2D311044005C32B6 /* LocationViewController.swift */,
				CC0E5A6B2D31222F005C32B6 /* RestAPIOptionViewController.swift */,
				CC0E5A6F2D314B5C005C32B6 /* RestAPIViewController.swift */,
				CCC5EF542D31530900A066DD /* RestAPIAutosearchViewController.swift */,
				CC94FD432D38E37600514A48 /* MarkerOptionViewController.swift */,
				CC94FD452D38E4EC00514A48 /* MarkerViewController.swift */,
				CC94FD4B2D39055200514A48 /* PolylineOptionViewController.swift */,
				CC94FD4D2D3905ED00514A48 /* PolylineViewController.swift */,
				CC94FD4F2D39223A00514A48 /* CustomWidgetsOptionsViewController.swift */,
				CC719C7B2D474C860015A3AB /* DefaultIndoorViewController.swift */,
				CC719C792D474B4F0015A3AB /* CustomIndoorViewController.swift */,
				CCA0B3122D4369AA003743AA /* GeoanalyticsViewController.swift */,
				CC94FD532D39262E00514A48 /* CustomWidgetsPlacePickerViewController.swift */,
				CC94FD552D3A1E8A00514A48 /* PlacePickerSettingsViewController.swift */,
				CC94FD572D3A315E00514A48 /* PlacePickerChooseTypeViewController.swift */,
				CC94FD592D3A5FFC00514A48 /* KeyValueTableViewController.swift */,
				CCA1AE1E2D42080400A6C8BB /* GeoJSONOptionViewController.swift */,
				CCA1AE202D420AC500A6C8BB /* GeoJSONViewController.swift */,
				CCA1AE2B2D42411800A6C8BB /* RasterCatelogueViewController.swift */,
				CCA0B2FA2D425F72003743AA /* MapplsGeofenceUIViewController.swift */,
				CCA0B2FC2D426C28003743AA /* CustomGeofenceUIViewController.swift */,
				CCA0B3022D435238003743AA /* CustomGeofenceVC.swift */,
				CCA0B3082D435461003743AA /* MapComponentsVC.swift */,
				CCA0B30A2D4354C2003743AA /* PolygonPointsVC.swift */,
				CC719C8B2D48BCE30015A3AB /* SetSDKKeysViewController.swift */,
				CCB7D3E12D4B940400BCCF20 /* GeoanalyticsSwitchCasesViewController.swift */,
				CCB7D3E52D4C83C600BCCF20 /* MapLayersOptionsViewController.swift */,
				CCD1D92B2D50DADE002A61E5 /* RestAPITripPlanViewController.swift */,
				CCB7D3E72D4C886700BCCF20 /* MapLayersViewController.swift */,
				CCB7D3ED2D4CD1F500BCCF20 /* MapCameraConfigurationSelectionViewController.swift */,
				CCB7D3EF2D4CEC4000BCCF20 /* MapCameraTrackingTypeConfigurationSelectionViewController.swift */,
				CCD1D8CF2D4E0162002A61E5 /* UtilitySubOptionViewController.swift */,
				CCD1D8D12D4E0241002A61E5 /* UtilityViewController.swift */,
			);
			path = Controllers;
			sourceTree = "<group>";
		};
		CC64C4702D2D01A0001BE9CA /* Extensions */ = {
			isa = PBXGroup;
			children = (
				CC64C4712D2D01BE001BE9CA /* UIColor+Extension.swift */,
				CC64C4782D2D32B7001BE9CA /* UIView+Extension.swift */,
				CCA0B3142D438FF1003743AA /* MKPolyline+Extension.swift */,
				CCA0B3162D43900E003743AA /* MGLPolyline+Extension.swift */,
				CCA0B3182D439088003743AA /* Double+Extension.swift */,
				CC719C812D476F310015A3AB /* UITextField+Extension.swift */,
				47F09EB62D5E0FD1006FF04A /* UIViewController+Extension.swift */,
			);
			path = Extensions;
			sourceTree = "<group>";
		};
		CC64C4732D2D0A8E001BE9CA /* Helper */ = {
			isa = PBXGroup;
			children = (
				CCA1AE1C2D42049900A6C8BB /* AI_PotLoc4SDB.geojson */,
				CCA1AE1A2D41283E00A6C8BB /* metro-line.geojson */,
				CC64C49B2D2E456D001BE9CA /* Enums */,
				CC64C4742D2D0A9C001BE9CA /* Utility.swift */,
				CCA1AE182D40B9F400A6C8BB /* PolylineLayerPlugin.swift */,
				CC64C4762D2D0AA2001BE9CA /* Theme.swift */,
				CCA1AE222D420EC600A6C8BB /* Marker.geojson */,
				CCA1AE232D420F7500A6C8BB /* polygon.geojson */,
				CCA1AE262D42122700A6C8BB /* polyline.geojson */,
				CCD1D8D92D4E17F3002A61E5 /* MapplsDigipinUtility.swift */,
				CC708EFE2D48DEA400A0CABC /* Constants.swift */,
			);
			path = Helper;
			sourceTree = "<group>";
		};
		CC64C47C2D2D3D76001BE9CA /* fonts */ = {
			isa = PBXGroup;
			children = (
				CCD1D8E72D50895E002A61E5 /* LICENSE.txt */,
				CCD1D8E92D50895E002A61E5 /* Roboto-Black.ttf */,
				CCD1D8EF2D50895F002A61E5 /* Roboto-BlackItalic.ttf */,
				CCD1D8E32D50895E002A61E5 /* Roboto-Bold.ttf */,
				CCD1D8E52D50895E002A61E5 /* Roboto-BoldItalic.ttf */,
				CCD1D8EB2D50895E002A61E5 /* Roboto-Italic.ttf */,
				CCD1D8E42D50895E002A61E5 /* Roboto-Light.ttf */,
				99853DCB2D5F07D900B12F29 /* Roboto-Regular.ttf */,
				CCD1D8EE2D50895F002A61E5 /* Roboto-LightItalic.ttf */,
				CCD1D8E62D50895E002A61E5 /* Roboto-Medium.ttf */,
				CCD1D8EC2D50895E002A61E5 /* Roboto-MediumItalic.ttf */,
				CCD1D8EA2D50895E002A61E5 /* Roboto-Thin.ttf */,
				CCD1D8ED2D50895E002A61E5 /* Roboto-ThinItalic.ttf */,
			);
			path = fonts;
			sourceTree = "<group>";
		};
		CC64C49B2D2E456D001BE9CA /* Enums */ = {
			isa = PBXGroup;
			children = (
				CC64C49C2D2E4581001BE9CA /* OptionsEnum.swift */,
				CC64C4A92D2FD7B9001BE9CA /* MapStyleURLs.swift */,
				CCB7D3E92D4CD0C000BCCF20 /* CameraMode.swift */,
				CCB7D3EB2D4CD12900BCCF20 /* CameraTrackingType.swift */,
			);
			path = Enums;
			sourceTree = "<group>";
		};
		CCAAE3062D34E2B400B692CC /* Network */ = {
			isa = PBXGroup;
			children = (
				CCAAE3072D34EB6F00B692CC /* APIManager.swift */,
			);
			path = Network;
			sourceTree = "<group>";
		};
		F7D82EF69279D60268649249 /* Frameworks */ = {
			isa = PBXGroup;
			children = (
				75F3D9B7E408C25C52C51AA1 /* Pods_MapplsSDKDemo.framework */,
			);
			name = Frameworks;
			sourceTree = "<group>";
		};
/* End PBXGroup section */

/* Begin PBXNativeTarget section */
		CC64C4512D2CF15D001BE9CA /* MapplsSDKDemo */ = {
			isa = PBXNativeTarget;
			buildConfigurationList = CC64C4662D2CF15E001BE9CA /* Build configuration list for PBXNativeTarget "MapplsSDKDemo" */;
			buildPhases = (
				2F7BF11631AC33A458A64F44 /* [CP] Check Pods Manifest.lock */,
				CC64C44E2D2CF15D001BE9CA /* Sources */,
				CC64C44F2D2CF15D001BE9CA /* Frameworks */,
				CC64C4502D2CF15D001BE9CA /* Resources */,
				CC0E5A682D312048005C32B6 /* Embed Frameworks */,
				34E30A3DCD5B6E776606AF7B /* [CP] Embed Pods Frameworks */,
			);
			buildRules = (
			);
			dependencies = (
			);
			name = MapplsSDKDemo;
			productName = MapplsSDKDemo;
			productReference = CC64C4522D2CF15D001BE9CA /* MapplsSDKDemo.app */;
			productType = "com.apple.product-type.application";
		};
/* End PBXNativeTarget section */

/* Begin PBXProject section */
		CC64C44A2D2CF15D001BE9CA /* Project object */ = {
			isa = PBXProject;
			attributes = {
				BuildIndependentTargetsInParallel = 1;
				LastSwiftUpdateCheck = 1420;
				LastUpgradeCheck = 1420;
				TargetAttributes = {
					CC64C4512D2CF15D001BE9CA = {
						CreatedOnToolsVersion = 14.2;
					};
				};
			};
			buildConfigurationList = CC64C44D2D2CF15D001BE9CA /* Build configuration list for PBXProject "MapplsSDKDemo" */;
			compatibilityVersion = "Xcode 14.0";
			developmentRegion = en;
			hasScannedForEncodings = 0;
			knownRegions = (
				en,
				Base,
			);
			mainGroup = CC64C4492D2CF15D001BE9CA;
			packageReferences = (
				35ACC7DC2DF9B2C8006B9710 /* XCRemoteSwiftPackageReference "mappls-map-ios-distribution" */,
				35ACC7DF2DF9B2D2006B9710 /* XCRemoteSwiftPackageReference "mappls-feedback-uikit-ios-distribution" */,
				35ACC7E22DF9B2E4006B9710 /* XCRemoteSwiftPackageReference "mappls-direction-ui-ios-distribution" */,
				35ACC7E52DF9B2F0006B9710 /* XCRemoteSwiftPackageReference "mappls-nearby-ui-ios-distribution" */,
				35ACC7E82DF9B356006B9710 /* XCRemoteSwiftPackageReference "mappls-geofence-ui-ios-distribution" */,
				35ACC7EB2DF9B377006B9710 /* XCRemoteSwiftPackageReference "mappls-raster-catalogue-ios-distribution" */,
				35ACC7EE2DF9B393006B9710 /* XCRemoteSwiftPackageReference "mappls-geoanalytics-ios-distribution" */,
				35ACC7F12DF9B3B3006B9710 /* XCRemoteSwiftPackageReference "mappls-drivingrange-plugin-ios-distribution" */,
			);
			productRefGroup = CC64C4532D2CF15D001BE9CA /* Products */;
			projectDirPath = "";
			projectRoot = "";
			targets = (
				CC64C4512D2CF15D001BE9CA /* MapplsSDKDemo */,
			);
		};
/* End PBXProject section */

/* Begin PBXResourcesBuildPhase section */
		CC64C4502D2CF15D001BE9CA /* Resources */ = {
			isa = PBXResourcesBuildPhase;
			buildActionMask = 2147483647;
			files = (
				CCD1D8FA2D50895F002A61E5 /* Roboto-ThinItalic.ttf in Resources */,
				CCD1D8F32D50895F002A61E5 /* Roboto-Medium.ttf in Resources */,
				CCD1D8FB2D50895F002A61E5 /* Roboto-LightItalic.ttf in Resources */,
				CCD1D8F82D50895F002A61E5 /* Roboto-Italic.ttf in Resources */,
				CCA1AE1D2D42049900A6C8BB /* AI_PotLoc4SDB.geojson in Resources */,
				CCD1D8F72D50895F002A61E5 /* Roboto-Thin.ttf in Resources */,
				CCA1AE1B2D41283E00A6C8BB /* metro-line.geojson in Resources */,
				CCD1D8F02D50895F002A61E5 /* Roboto-Bold.ttf in Resources */,
				CCD1D8F12D50895F002A61E5 /* Roboto-Light.ttf in Resources */,
				CCA1AE272D421A6500A6C8BB /* polyline.geojson in Resources */,
				CCD1D8F42D50895F002A61E5 /* LICENSE.txt in Resources */,
				CCA1AE252D42112A00A6C8BB /* Marker.geojson in Resources */,
				99853DCC2D5F07D900B12F29 /* Roboto-Regular.ttf in Resources */,
				35ACC8072DF9B6D4006B9710 /* app1747745852i1191326110.i.conf in Resources */,
				35ACC8082DF9B6D4006B9710 /* app1747745852i1191326110.i.olf in Resources */,
				CCD1D8F22D50895F002A61E5 /* Roboto-BoldItalic.ttf in Resources */,
				CC64C4622D2CF15E001BE9CA /* LaunchScreen.storyboard in Resources */,
				CCA0B30D2D4356FC003743AA /* ShapeCell.xib in Resources */,
				CCD1D8F62D50895F002A61E5 /* Roboto-Black.ttf in Resources */,
				CC64C45F2D2CF15E001BE9CA /* Assets.xcassets in Resources */,
				CCD1D8FC2D50895F002A61E5 /* Roboto-BlackItalic.ttf in Resources */,
				CCA1AE242D42112800A6C8BB /* polygon.geojson in Resources */,
				CCD1D8F92D50895F002A61E5 /* Roboto-MediumItalic.ttf in Resources */,
				CC64C45D2D2CF15D001BE9CA /* Main.storyboard in Resources */,
			);
			runOnlyForDeploymentPostprocessing = 0;
		};
/* End PBXResourcesBuildPhase section */

/* Begin PBXShellScriptBuildPhase section */
		2F7BF11631AC33A458A64F44 /* [CP] Check Pods Manifest.lock */ = {
			isa = PBXShellScriptBuildPhase;
			buildActionMask = 2147483647;
			files = (
			);
			inputFileListPaths = (
			);
			inputPaths = (
				"${PODS_PODFILE_DIR_PATH}/Podfile.lock",
				"${PODS_ROOT}/Manifest.lock",
			);
			name = "[CP] Check Pods Manifest.lock";
			outputFileListPaths = (
			);
			outputPaths = (
				"$(DERIVED_FILE_DIR)/Pods-MapplsSDKDemo-checkManifestLockResult.txt",
			);
			runOnlyForDeploymentPostprocessing = 0;
			shellPath = /bin/sh;
			shellScript = "diff \"${PODS_PODFILE_DIR_PATH}/Podfile.lock\" \"${PODS_ROOT}/Manifest.lock\" > /dev/null\nif [ $? != 0 ] ; then\n    # print error to STDERR\n    echo \"error: The sandbox is not in sync with the Podfile.lock. Run 'pod install' or update your CocoaPods installation.\" >&2\n    exit 1\nfi\n# This output is used by Xcode 'outputs' to avoid re-running this script phase.\necho \"SUCCESS\" > \"${SCRIPT_OUTPUT_FILE_0}\"\n";
			showEnvVarsInLog = 0;
		};
		34E30A3DCD5B6E776606AF7B /* [CP] Embed Pods Frameworks */ = {
			isa = PBXShellScriptBuildPhase;
			buildActionMask = 2147483647;
			files = (
			);
			inputFileListPaths = (
				"${PODS_ROOT}/Target Support Files/Pods-MapplsSDKDemo/Pods-MapplsSDKDemo-frameworks-${CONFIGURATION}-input-files.xcfilelist",
			);
			name = "[CP] Embed Pods Frameworks";
			outputFileListPaths = (
				"${PODS_ROOT}/Target Support Files/Pods-MapplsSDKDemo/Pods-MapplsSDKDemo-frameworks-${CONFIGURATION}-output-files.xcfilelist",
			);
			runOnlyForDeploymentPostprocessing = 0;
			shellPath = /bin/sh;
			shellScript = "\"${PODS_ROOT}/Target Support Files/Pods-MapplsSDKDemo/Pods-MapplsSDKDemo-frameworks.sh\"\n";
			showEnvVarsInLog = 0;
		};
/* End PBXShellScriptBuildPhase section */

/* Begin PBXSourcesBuildPhase section */
		CC64C44E2D2CF15D001BE9CA /* Sources */ = {
			isa = PBXSourcesBuildPhase;
			buildActionMask = 2147483647;
			files = (
				CC719C7A2D474B4F0015A3AB /* CustomIndoorViewController.swift in Sources */,
				D1FFC0A32D82E7C8007DD9F4 /* StyleImageIcon.swift in Sources */,
				CC64C4752D2D0A9C001BE9CA /* Utility.swift in Sources */,
				CCA0B3152D438FF1003743AA /* MKPolyline+Extension.swift in Sources */,
				CCD1D92C2D50DADE002A61E5 /* RestAPITripPlanViewController.swift in Sources */,
				CC708EFD2D48CFC200A0CABC /* CommonInputCell.swift in Sources */,
				CCA0B3092D435461003743AA /* MapComponentsVC.swift in Sources */,
				CCA0B3052D4353CD003743AA /* ShapeCell.swift in Sources */,
				CC0E5A562D30ED90005C32B6 /* CameraViewController.swift in Sources */,
				CC0E5A6E2D31426A005C32B6 /* CustomUserLocationAnnotationView.swift in Sources */,
				CC94FD442D38E37600514A48 /* MarkerOptionViewController.swift in Sources */,
				CCC5EF592D31543500A066DD /* AutosearchResultCell.swift in Sources */,
				CC64C46F2D2CFFEF001BE9CA /* TitleBarView.swift in Sources */,
				CC708EFF2D48DEA400A0CABC /* Constants.swift in Sources */,
				CC94FD562D3A1E8A00514A48 /* PlacePickerSettingsViewController.swift in Sources */,
				CCD1D8DC2D4E19BF002A61E5 /* DIGIPINTopEntryView.swift in Sources */,
				CCB7D3F22D4CED5000BCCF20 /* CommonItemSelectionWithTickTableViewCell.swift in Sources */,
				CCB7D3F02D4CEC4000BCCF20 /* MapCameraTrackingTypeConfigurationSelectionViewController.swift in Sources */,
				CCA1AE212D420AC500A6C8BB /* GeoJSONViewController.swift in Sources */,
				CC64C49A2D2E40CE001BE9CA /* NavigationBarView.swift in Sources */,
				CC64C45A2D2CF15D001BE9CA /* ViewController.swift in Sources */,
				CC94FD582D3A315E00514A48 /* PlacePickerChooseTypeViewController.swift in Sources */,
				CCA0B3172D43900E003743AA /* MGLPolyline+Extension.swift in Sources */,
				CCC3EBEE2D49FA62006B76E1 /* CustomRadioButton.swift in Sources */,
				CCA0B2FD2D426C28003743AA /* CustomGeofenceUIViewController.swift in Sources */,
				CC64C4792D2D32B7001BE9CA /* UIView+Extension.swift in Sources */,
				CC0E5A702D314B5C005C32B6 /* RestAPIViewController.swift in Sources */,
				CCA1AE2C2D42411800A6C8BB /* RasterCatelogueViewController.swift in Sources */,
				CC64C4A52D2E99FE001BE9CA /* TrafficSelectionView.swift in Sources */,
				CCA0B3132D4369AA003743AA /* GeoanalyticsViewController.swift in Sources */,
				CC64C4562D2CF15D001BE9CA /* AppDelegate.swift in Sources */,
				47F09EB72D5E0FD1006FF04A /* UIViewController+Extension.swift in Sources */,
				CCC5EF552D31530900A066DD /* RestAPIAutosearchViewController.swift in Sources */,
				CC64C4A12D2E51E0001BE9CA /* SubOptionsViewCell.swift in Sources */,
				CC64C4AC2D2FDB3B001BE9CA /* MapStyleOptionViewController.swift in Sources */,
				CC94FD5A2D3A5FFC00514A48 /* KeyValueTableViewController.swift in Sources */,
				CCB7D3EE2D4CD1F500BCCF20 /* MapCameraConfigurationSelectionViewController.swift in Sources */,
				CC64C4722D2D01BE001BE9CA /* UIColor+Extension.swift in Sources */,
				CCAAE3082D34EB6F00B692CC /* APIManager.swift in Sources */,
				CC64C4772D2D0AA2001BE9CA /* Theme.swift in Sources */,
				CC94FD502D39223A00514A48 /* CustomWidgetsOptionsViewController.swift in Sources */,
				CC94FD4C2D39055200514A48 /* PolylineOptionViewController.swift in Sources */,
				CCB7D3E22D4B940400BCCF20 /* GeoanalyticsSwitchCasesViewController.swift in Sources */,
				CC64C4AE2D2FE5E2001BE9CA /* MapStylesCollectionViewCell.swift in Sources */,
				CC0E5A5C2D311044005C32B6 /* LocationViewController.swift in Sources */,
				CC708F012D48F18E00A0CABC /* CustomSegmentControl.swift in Sources */,
				CC64C49D2D2E4581001BE9CA /* OptionsEnum.swift in Sources */,
				CCB7D3E62D4C83C600BCCF20 /* MapLayersOptionsViewController.swift in Sources */,
				CC719C862D4781370015A3AB /* LocationChooserTableViewCell.swift in Sources */,
				CC94FD542D39262E00514A48 /* CustomWidgetsPlacePickerViewController.swift in Sources */,
				CCA0B3112D43682E003743AA /* GeoanalyticsTableViewCell.swift in Sources */,
				47F09EB52D5E0733006FF04A /* CommonSearchBarView.swift in Sources */,
				CC94FD482D38E7C000514A48 /* CustomAnnotationView.swift in Sources */,
				CC64C4B22D30E1A5001BE9CA /* CameraSubOptionsViewController.swift in Sources */,
				CC719C822D476F310015A3AB /* UITextField+Extension.swift in Sources */,
				CC64C4982D2E3BEA001BE9CA /* SubOptionsViewController.swift in Sources */,
				CC64C4582D2CF15D001BE9CA /* SceneDelegate.swift in Sources */,
				CC31CF292D37E4E100E8AD8F /* InfoTableViewCell.swift in Sources */,
				CCB7D3E82D4C886700BCCF20 /* MapLayersViewController.swift in Sources */,
				CC64C4B42D30E2A6001BE9CA /* SubOptionCollectionViewCell.swift in Sources */,
				CCA0B2FB2D425F72003743AA /* MapplsGeofenceUIViewController.swift in Sources */,
				CCA0B3192D439088003743AA /* Double+Extension.swift in Sources */,
				CCC3EBF02D49FF85006B76E1 /* RadioButtonItemView.swift in Sources */,
				CC719C902D48CB810015A3AB /* SDKKeysSetView.swift in Sources */,
				CC64C46D2D2CFB7B001BE9CA /* OptionsViewController.swift in Sources */,
				CCB7D3EC2D4CD12900BCCF20 /* CameraTrackingType.swift in Sources */,
				CCB7D3EA2D4CD0C000BCCF20 /* CameraMode.swift in Sources */,
				CC94FD4A2D38EB0400514A48 /* CustomCalloutView.swift in Sources */,
				D1FFC0A52D82F03B007DD9F4 /* DynamicClusteringViewController.swift in Sources */,
				CC708F052D49DBBA00A0CABC /* CommonSwitchTableViewCell.swift in Sources */,
				CC719C7E2D476E420015A3AB /* DrivingRangePluginViewController.swift in Sources */,
				CCD1D8D22D4E0241002A61E5 /* UtilityViewController.swift in Sources */,
				CCC3EBEC2D49EE08006B76E1 /* CommonRadioButtonTableViewCell.swift in Sources */,
				CC719C8C2D48BCE30015A3AB /* SetSDKKeysViewController.swift in Sources */,
				CCA1AE132D3F7E5500A6C8BB /* DraggableAnnotationView.swift in Sources */,
				CCB7D3E42D4B965100BCCF20 /* SwitchTableViewCell.swift in Sources */,
				CC0E5A6C2D31222F005C32B6 /* RestAPIOptionViewController.swift in Sources */,
				CC0E5A582D30FB0F005C32B6 /* LocationOptionViewController.swift in Sources */,
				CCD1D8DA2D4E17F3002A61E5 /* MapplsDigipinUtility.swift in Sources */,
				CCD1D8FE2D509B6E002A61E5 /* BottomLabelsView.swift in Sources */,
				CCA0B3032D435238003743AA /* CustomGeofenceVC.swift in Sources */,
				CC64C4AA2D2FD7B9001BE9CA /* MapStyleURLs.swift in Sources */,
				CC64C4B02D2FEE55001BE9CA /* PlaceAddressDetailView.swift in Sources */,
				CC94FD4E2D3905ED00514A48 /* PolylineViewController.swift in Sources */,
				CC94FD462D38E4EC00514A48 /* MarkerViewController.swift in Sources */,
				CC64C47B2D2D3BD5001BE9CA /* OptionsViewCell.swift in Sources */,
				CC719C7C2D474C860015A3AB /* DefaultIndoorViewController.swift in Sources */,
				CC708F032D49047200A0CABC /* DrivingRangeSettingsView.swift in Sources */,
				CCA1AE1F2D42080400A6C8BB /* GeoJSONOptionViewController.swift in Sources */,
				CC64C4A72D2FAA96001BE9CA /* LatLongDisplayView.swift in Sources */,
				CC64C4A32D2E9578001BE9CA /* OptionDetailViewController.swift in Sources */,
				CCA1AE192D40B9F400A6C8BB /* PolylineLayerPlugin.swift in Sources */,
				CCA0B30B2D4354C2003743AA /* PolygonPointsVC.swift in Sources */,
				CCC3EBEA2D49E074006B76E1 /* ConfigurationEntryCell.swift in Sources */,
				CCD1D8D02D4E0162002A61E5 /* UtilitySubOptionViewController.swift in Sources */,
				CCC5EF572D31537C00A066DD /* SearchBar.swift in Sources */,
			);
			runOnlyForDeploymentPostprocessing = 0;
		};
/* End PBXSourcesBuildPhase section */

/* Begin PBXVariantGroup section */
		CC64C45B2D2CF15D001BE9CA /* Main.storyboard */ = {
			isa = PBXVariantGroup;
			children = (
				CC64C45C2D2CF15D001BE9CA /* Base */,
			);
			name = Main.storyboard;
			sourceTree = "<group>";
		};
		CC64C4602D2CF15E001BE9CA /* LaunchScreen.storyboard */ = {
			isa = PBXVariantGroup;
			children = (
				CC64C4612D2CF15E001BE9CA /* Base */,
			);
			name = LaunchScreen.storyboard;
			sourceTree = "<group>";
		};
/* End PBXVariantGroup section */

/* Begin XCBuildConfiguration section */
		CC64C4642D2CF15E001BE9CA /* Debug */ = {
			isa = XCBuildConfiguration;
			buildSettings = {
				ALWAYS_SEARCH_USER_PATHS = NO;
				CLANG_ANALYZER_NONNULL = YES;
				CLANG_ANALYZER_NUMBER_OBJECT_CONVERSION = YES_AGGRESSIVE;
				CLANG_CXX_LANGUAGE_STANDARD = "gnu++20";
				CLANG_ENABLE_MODULES = YES;
				CLANG_ENABLE_OBJC_ARC = YES;
				CLANG_ENABLE_OBJC_WEAK = YES;
				CLANG_WARN_BLOCK_CAPTURE_AUTORELEASING = YES;
				CLANG_WARN_BOOL_CONVERSION = YES;
				CLANG_WARN_COMMA = YES;
				CLANG_WARN_CONSTANT_CONVERSION = YES;
				CLANG_WARN_DEPRECATED_OBJC_IMPLEMENTATIONS = YES;
				CLANG_WARN_DIRECT_OBJC_ISA_USAGE = YES_ERROR;
				CLANG_WARN_DOCUMENTATION_COMMENTS = YES;
				CLANG_WARN_EMPTY_BODY = YES;
				CLANG_WARN_ENUM_CONVERSION = YES;
				CLANG_WARN_INFINITE_RECURSION = YES;
				CLANG_WARN_INT_CONVERSION = YES;
				CLANG_WARN_NON_LITERAL_NULL_CONVERSION = YES;
				CLANG_WARN_OBJC_IMPLICIT_RETAIN_SELF = YES;
				CLANG_WARN_OBJC_LITERAL_CONVERSION = YES;
				CLANG_WARN_OBJC_ROOT_CLASS = YES_ERROR;
				CLANG_WARN_QUOTED_INCLUDE_IN_FRAMEWORK_HEADER = YES;
				CLANG_WARN_RANGE_LOOP_ANALYSIS = YES;
				CLANG_WARN_STRICT_PROTOTYPES = YES;
				CLANG_WARN_SUSPICIOUS_MOVE = YES;
				CLANG_WARN_UNGUARDED_AVAILABILITY = YES_AGGRESSIVE;
				CLANG_WARN_UNREACHABLE_CODE = YES;
				CLANG_WARN__DUPLICATE_METHOD_MATCH = YES;
				COPY_PHASE_STRIP = NO;
				DEBUG_INFORMATION_FORMAT = dwarf;
				ENABLE_STRICT_OBJC_MSGSEND = YES;
				ENABLE_TESTABILITY = YES;
				GCC_C_LANGUAGE_STANDARD = gnu11;
				GCC_DYNAMIC_NO_PIC = NO;
				GCC_NO_COMMON_BLOCKS = YES;
				GCC_OPTIMIZATION_LEVEL = 0;
				GCC_PREPROCESSOR_DEFINITIONS = (
					"DEBUG=1",
					"$(inherited)",
				);
				GCC_WARN_64_TO_32_BIT_CONVERSION = YES;
				GCC_WARN_ABOUT_RETURN_TYPE = YES_ERROR;
				GCC_WARN_UNDECLARED_SELECTOR = YES;
				GCC_WARN_UNINITIALIZED_AUTOS = YES_AGGRESSIVE;
				GCC_WARN_UNUSED_FUNCTION = YES;
				GCC_WARN_UNUSED_VARIABLE = YES;
				IPHONEOS_DEPLOYMENT_TARGET = 16.2;
				MTL_ENABLE_DEBUG_INFO = INCLUDE_SOURCE;
				MTL_FAST_MATH = YES;
				ONLY_ACTIVE_ARCH = YES;
				SDKROOT = iphoneos;
				SWIFT_ACTIVE_COMPILATION_CONDITIONS = DEBUG;
				SWIFT_OPTIMIZATION_LEVEL = "-Onone";
			};
			name = Debug;
		};
		CC64C4652D2CF15E001BE9CA /* Release */ = {
			isa = XCBuildConfiguration;
			buildSettings = {
				ALWAYS_SEARCH_USER_PATHS = NO;
				CLANG_ANALYZER_NONNULL = YES;
				CLANG_ANALYZER_NUMBER_OBJECT_CONVERSION = YES_AGGRESSIVE;
				CLANG_CXX_LANGUAGE_STANDARD = "gnu++20";
				CLANG_ENABLE_MODULES = YES;
				CLANG_ENABLE_OBJC_ARC = YES;
				CLANG_ENABLE_OBJC_WEAK = YES;
				CLANG_WARN_BLOCK_CAPTURE_AUTORELEASING = YES;
				CLANG_WARN_BOOL_CONVERSION = YES;
				CLANG_WARN_COMMA = YES;
				CLANG_WARN_CONSTANT_CONVERSION = YES;
				CLANG_WARN_DEPRECATED_OBJC_IMPLEMENTATIONS = YES;
				CLANG_WARN_DIRECT_OBJC_ISA_USAGE = YES_ERROR;
				CLANG_WARN_DOCUMENTATION_COMMENTS = YES;
				CLANG_WARN_EMPTY_BODY = YES;
				CLANG_WARN_ENUM_CONVERSION = YES;
				CLANG_WARN_INFINITE_RECURSION = YES;
				CLANG_WARN_INT_CONVERSION = YES;
				CLANG_WARN_NON_LITERAL_NULL_CONVERSION = YES;
				CLANG_WARN_OBJC_IMPLICIT_RETAIN_SELF = YES;
				CLANG_WARN_OBJC_LITERAL_CONVERSION = YES;
				CLANG_WARN_OBJC_ROOT_CLASS = YES_ERROR;
				CLANG_WARN_QUOTED_INCLUDE_IN_FRAMEWORK_HEADER = YES;
				CLANG_WARN_RANGE_LOOP_ANALYSIS = YES;
				CLANG_WARN_STRICT_PROTOTYPES = YES;
				CLANG_WARN_SUSPICIOUS_MOVE = YES;
				CLANG_WARN_UNGUARDED_AVAILABILITY = YES_AGGRESSIVE;
				CLANG_WARN_UNREACHABLE_CODE = YES;
				CLANG_WARN__DUPLICATE_METHOD_MATCH = YES;
				COPY_PHASE_STRIP = NO;
				DEBUG_INFORMATION_FORMAT = "dwarf-with-dsym";
				ENABLE_NS_ASSERTIONS = NO;
				ENABLE_STRICT_OBJC_MSGSEND = YES;
				GCC_C_LANGUAGE_STANDARD = gnu11;
				GCC_NO_COMMON_BLOCKS = YES;
				GCC_WARN_64_TO_32_BIT_CONVERSION = YES;
				GCC_WARN_ABOUT_RETURN_TYPE = YES_ERROR;
				GCC_WARN_UNDECLARED_SELECTOR = YES;
				GCC_WARN_UNINITIALIZED_AUTOS = YES_AGGRESSIVE;
				GCC_WARN_UNUSED_FUNCTION = YES;
				GCC_WARN_UNUSED_VARIABLE = YES;
				IPHONEOS_DEPLOYMENT_TARGET = 16.2;
				MTL_ENABLE_DEBUG_INFO = NO;
				MTL_FAST_MATH = YES;
				SDKROOT = iphoneos;
				SWIFT_COMPILATION_MODE = wholemodule;
				SWIFT_OPTIMIZATION_LEVEL = "-O";
				VALIDATE_PRODUCT = YES;
			};
			name = Release;
		};
		CC64C4672D2CF15E001BE9CA /* Debug */ = {
			isa = XCBuildConfiguration;
			baseConfigurationReference = 94B8AB65B3C1E0FA61FBB71F /* Pods-MapplsSDKDemo.debug.xcconfig */;
			buildSettings = {
				ASSETCATALOG_COMPILER_APPICON_NAME = AppIcon;
				ASSETCATALOG_COMPILER_GLOBAL_ACCENT_COLOR_NAME = AccentColor;
				CODE_SIGN_STYLE = Automatic;
				CURRENT_PROJECT_VERSION = 1;
				DEVELOPMENT_TEAM = 22L95D5KTZ;
				GENERATE_INFOPLIST_FILE = YES;
				INFOPLIST_FILE = MapplsSDKDemo/Info.plist;
				INFOPLIST_KEY_NSLocationAlwaysUsageDescription = "requried for app functionality";
				INFOPLIST_KEY_NSLocationWhenInUseUsageDescription = "requried for app functionality";
				INFOPLIST_KEY_UIApplicationSupportsIndirectInputEvents = YES;
				INFOPLIST_KEY_UILaunchStoryboardName = LaunchScreen;
				INFOPLIST_KEY_UIMainStoryboardFile = Main;
				INFOPLIST_KEY_UIRequiresFullScreen = NO;
				INFOPLIST_KEY_UIStatusBarStyle = "";
				INFOPLIST_KEY_UISupportedInterfaceOrientations = "UIInterfaceOrientationLandscapeLeft UIInterfaceOrientationLandscapeRight UIInterfaceOrientationPortrait";
				INFOPLIST_KEY_UISupportedInterfaceOrientations_iPad = "UIInterfaceOrientationLandscapeLeft UIInterfaceOrientationLandscapeRight UIInterfaceOrientationPortrait UIInterfaceOrientationPortraitUpsideDown";
				IPHONEOS_DEPLOYMENT_TARGET = 13.0;
				LD_RUNPATH_SEARCH_PATHS = (
					"$(inherited)",
					"@executable_path/Frameworks",
				);
				MARKETING_VERSION = 1.0;
				PRODUCT_BUNDLE_IDENTIFIER = "com.mmi.iosappswift-no-team";
				PRODUCT_NAME = "$(TARGET_NAME)";
				SWIFT_EMIT_LOC_STRINGS = YES;
				SWIFT_VERSION = 5.0;
				TARGETED_DEVICE_FAMILY = "1,2";
			};
			name = Debug;
		};
		CC64C4682D2CF15E001BE9CA /* Release */ = {
			isa = XCBuildConfiguration;
			baseConfigurationReference = 67B92E465D72DC67822E0702 /* Pods-MapplsSDKDemo.release.xcconfig */;
			buildSettings = {
				ASSETCATALOG_COMPILER_APPICON_NAME = AppIcon;
				ASSETCATALOG_COMPILER_GLOBAL_ACCENT_COLOR_NAME = AccentColor;
				CODE_SIGN_STYLE = Automatic;
				CURRENT_PROJECT_VERSION = 1;
				DEVELOPMENT_TEAM = 22L95D5KTZ;
				GENERATE_INFOPLIST_FILE = YES;
				INFOPLIST_FILE = MapplsSDKDemo/Info.plist;
				INFOPLIST_KEY_NSLocationAlwaysUsageDescription = "requried for app functionality";
				INFOPLIST_KEY_NSLocationWhenInUseUsageDescription = "requried for app functionality";
				INFOPLIST_KEY_UIApplicationSupportsIndirectInputEvents = YES;
				INFOPLIST_KEY_UILaunchStoryboardName = LaunchScreen;
				INFOPLIST_KEY_UIMainStoryboardFile = Main;
				INFOPLIST_KEY_UIRequiresFullScreen = NO;
				INFOPLIST_KEY_UIStatusBarStyle = "";
				INFOPLIST_KEY_UISupportedInterfaceOrientations = "UIInterfaceOrientationLandscapeLeft UIInterfaceOrientationLandscapeRight UIInterfaceOrientationPortrait";
				INFOPLIST_KEY_UISupportedInterfaceOrientations_iPad = "UIInterfaceOrientationLandscapeLeft UIInterfaceOrientationLandscapeRight UIInterfaceOrientationPortrait UIInterfaceOrientationPortraitUpsideDown";
				IPHONEOS_DEPLOYMENT_TARGET = 13.0;
				LD_RUNPATH_SEARCH_PATHS = (
					"$(inherited)",
					"@executable_path/Frameworks",
				);
				MARKETING_VERSION = 1.0;
				PRODUCT_BUNDLE_IDENTIFIER = "com.mmi.iosappswift-no-team";
				PRODUCT_NAME = "$(TARGET_NAME)";
				SWIFT_EMIT_LOC_STRINGS = YES;
				SWIFT_VERSION = 5.0;
				TARGETED_DEVICE_FAMILY = "1,2";
			};
			name = Release;
		};
/* End XCBuildConfiguration section */

/* Begin XCConfigurationList section */
		CC64C44D2D2CF15D001BE9CA /* Build configuration list for PBXProject "MapplsSDKDemo" */ = {
			isa = XCConfigurationList;
			buildConfigurations = (
				CC64C4642D2CF15E001BE9CA /* Debug */,
				CC64C4652D2CF15E001BE9CA /* Release */,
			);
			defaultConfigurationIsVisible = 0;
			defaultConfigurationName = Release;
		};
		CC64C4662D2CF15E001BE9CA /* Build configuration list for PBXNativeTarget "MapplsSDKDemo" */ = {
			isa = XCConfigurationList;
			buildConfigurations = (
				CC64C4672D2CF15E001BE9CA /* Debug */,
				CC64C4682D2CF15E001BE9CA /* Release */,
			);
			defaultConfigurationIsVisible = 0;
			defaultConfigurationName = Release;
		};
/* End XCConfigurationList section */

/* Begin XCRemoteSwiftPackageReference section */
		35ACC7DC2DF9B2C8006B9710 /* XCRemoteSwiftPackageReference "mappls-map-ios-distribution" */ = {
			isa = XCRemoteSwiftPackageReference;
			repositoryURL = "https://github.com/mappls-api/mappls-map-ios-distribution.git";
			requirement = {
				kind = upToNextMajorVersion;
				minimumVersion = 6.0.0;
			};
		};
		35ACC7DF2DF9B2D2006B9710 /* XCRemoteSwiftPackageReference "mappls-feedback-uikit-ios-distribution" */ = {
			isa = XCRemoteSwiftPackageReference;
			repositoryURL = "https://github.com/mappls-api/mappls-feedback-uikit-ios-distribution.git";
			requirement = {
				kind = upToNextMajorVersion;
				minimumVersion = 3.0.0;
			};
		};
		35ACC7E22DF9B2E4006B9710 /* XCRemoteSwiftPackageReference "mappls-direction-ui-ios-distribution" */ = {
			isa = XCRemoteSwiftPackageReference;
			repositoryURL = "https://github.com/mappls-api/mappls-direction-ui-ios-distribution.git";
			requirement = {
				kind = upToNextMajorVersion;
				minimumVersion = 2.0.0;
			};
		};
		35ACC7E52DF9B2F0006B9710 /* XCRemoteSwiftPackageReference "mappls-nearby-ui-ios-distribution" */ = {
			isa = XCRemoteSwiftPackageReference;
			repositoryURL = "https://github.com/mappls-api/mappls-nearby-ui-ios-distribution.git";
			requirement = {
				kind = upToNextMajorVersion;
				minimumVersion = 2.0.1;
			};
		};
		35ACC7E82DF9B356006B9710 /* XCRemoteSwiftPackageReference "mappls-geofence-ui-ios-distribution" */ = {
			isa = XCRemoteSwiftPackageReference;
			repositoryURL = "https://github.com/mappls-api/mappls-geofence-ui-ios-distribution.git";
			requirement = {
				kind = upToNextMajorVersion;
				minimumVersion = 2.0.0;
			};
		};
		35ACC7EB2DF9B377006B9710 /* XCRemoteSwiftPackageReference "mappls-raster-catalogue-ios-distribution" */ = {
			isa = XCRemoteSwiftPackageReference;
			repositoryURL = "https://github.com/mappls-api/mappls-raster-catalogue-ios-distribution.git";
			requirement = {
				kind = upToNextMajorVersion;
				minimumVersion = 2.0.0;
			};
		};
		35ACC7EE2DF9B393006B9710 /* XCRemoteSwiftPackageReference "mappls-geoanalytics-ios-distribution" */ = {
			isa = XCRemoteSwiftPackageReference;
			repositoryURL = "https://github.com/mappls-api/mappls-geoanalytics-ios-distribution.git";
			requirement = {
				kind = upToNextMajorVersion;
				minimumVersion = 2.0.0;
			};
		};
		35ACC7F12DF9B3B3006B9710 /* XCRemoteSwiftPackageReference "mappls-drivingrange-plugin-ios-distribution" */ = {
			isa = XCRemoteSwiftPackageReference;
			repositoryURL = "https://github.com/mappls-api/mappls-drivingrange-plugin-ios-distribution.git";
			requirement = {
				kind = upToNextMajorVersion;
				minimumVersion = 2.0.0;
			};
		};
/* End XCRemoteSwiftPackageReference section */

/* Begin XCSwiftPackageProductDependency section */
		35ACC7DD2DF9B2C8006B9710 /* MapplsMap */ = {
			isa = XCSwiftPackageProductDependency;
			package = 35ACC7DC2DF9B2C8006B9710 /* XCRemoteSwiftPackageReference "mappls-map-ios-distribution" */;
			productName = MapplsMap;
		};
		35ACC7E02DF9B2D2006B9710 /* MapplsFeedbackUIKit */ = {
			isa = XCSwiftPackageProductDependency;
			package = 35ACC7DF2DF9B2D2006B9710 /* XCRemoteSwiftPackageReference "mappls-feedback-uikit-ios-distribution" */;
			productName = MapplsFeedbackUIKit;
		};
		35ACC7E32DF9B2E4006B9710 /* MapplsDirectionUI */ = {
			isa = XCSwiftPackageProductDependency;
			package = 35ACC7E22DF9B2E4006B9710 /* XCRemoteSwiftPackageReference "mappls-direction-ui-ios-distribution" */;
			productName = MapplsDirectionUI;
		};
		35ACC7E62DF9B2F0006B9710 /* MapplsNearbyUI */ = {
			isa = XCSwiftPackageProductDependency;
			package = 35ACC7E52DF9B2F0006B9710 /* XCRemoteSwiftPackageReference "mappls-nearby-ui-ios-distribution" */;
			productName = MapplsNearbyUI;
		};
		35ACC7E92DF9B356006B9710 /* MapplsGeofenceUI */ = {
			isa = XCSwiftPackageProductDependency;
			package = 35ACC7E82DF9B356006B9710 /* XCRemoteSwiftPackageReference "mappls-geofence-ui-ios-distribution" */;
			productName = MapplsGeofenceUI;
		};
		35ACC7EC2DF9B377006B9710 /* MapplsRasterCatalogue */ = {
			isa = XCSwiftPackageProductDependency;
			package = 35ACC7EB2DF9B377006B9710 /* XCRemoteSwiftPackageReference "mappls-raster-catalogue-ios-distribution" */;
			productName = MapplsRasterCatalogue;
		};
		35ACC7EF2DF9B393006B9710 /* MapplsGeoanalytics */ = {
			isa = XCSwiftPackageProductDependency;
			package = 35ACC7EE2DF9B393006B9710 /* XCRemoteSwiftPackageReference "mappls-geoanalytics-ios-distribution" */;
			productName = MapplsGeoanalytics;
		};
		35ACC7F22DF9B3B3006B9710 /* MapplsDrivingRangePlugin */ = {
			isa = XCSwiftPackageProductDependency;
			package = 35ACC7F12DF9B3B3006B9710 /* XCRemoteSwiftPackageReference "mappls-drivingrange-plugin-ios-distribution" */;
			productName = MapplsDrivingRangePlugin;
		};
/* End XCSwiftPackageProductDependency section */
	};
	rootObject = CC64C44A2D2CF15D001BE9CA /* Project object */;
}
